// !$*UTF8*$!
{
	archiveVersion = 1;
	classes = {
	};
	objectVersion = 46;
	objects = {

/* Begin PBXBuildFile section */
		2DC364A21D4B0941006514EE /* FourSquareTests.swift in Sources */ = {isa = PBXBuildFile; fileRef = 2DC364A11D4B0941006514EE /* FourSquareTests.swift */; };
		2DC364AD1D4B0941006514EE /* FourSquareUITests.swift in Sources */ = {isa = PBXBuildFile; fileRef = 2DC364AC1D4B0941006514EE /* FourSquareUITests.swift */; };
		2DC364C31D4B0B3C006514EE /* Assets.xcassets in Resources */ = {isa = PBXBuildFile; fileRef = 2DC364C21D4B0B3C006514EE /* Assets.xcassets */; };
		2DC364C61D4B0BD7006514EE /* AppDelegate.swift in Sources */ = {isa = PBXBuildFile; fileRef = 2DC364C51D4B0BD7006514EE /* AppDelegate.swift */; };
		2DC364CC1D4B0CAE006514EE /* LaunchScreen.storyboard in Resources */ = {isa = PBXBuildFile; fileRef = 2DC364CB1D4B0CAE006514EE /* LaunchScreen.storyboard */; };
		2DC364D91D4B0FED006514EE /* LoginViewController.swift in Sources */ = {isa = PBXBuildFile; fileRef = 2DC364D71D4B0FED006514EE /* LoginViewController.swift */; };
		2DC364DA1D4B0FED006514EE /* LoginViewController.xib in Resources */ = {isa = PBXBuildFile; fileRef = 2DC364D81D4B0FED006514EE /* LoginViewController.xib */; };
		2DC364DB1D4B1741006514EE /* Info.plist in Resources */ = {isa = PBXBuildFile; fileRef = 2DC364AE1D4B0941006514EE /* Info.plist */; };
		2DC364DF1D4B1892006514EE /* UIScrollView.swift in Sources */ = {isa = PBXBuildFile; fileRef = 2DC364DE1D4B1892006514EE /* UIScrollView.swift */; };
		2DC364E21D4B190E006514EE /* LoginButton.swift in Sources */ = {isa = PBXBuildFile; fileRef = 2DC364E11D4B190E006514EE /* LoginButton.swift */; };
		2DC364E41D4B1922006514EE /* UserTip.swift in Sources */ = {isa = PBXBuildFile; fileRef = 2DC364E31D4B1922006514EE /* UserTip.swift */; };
		2DC364E61D4B19C4006514EE /* ApiPath.swift in Sources */ = {isa = PBXBuildFile; fileRef = 2DC364E51D4B19C4006514EE /* ApiPath.swift */; };
		2DC364E81D4B3344006514EE /* Keys.swift in Sources */ = {isa = PBXBuildFile; fileRef = 2DC364E71D4B3344006514EE /* Keys.swift */; };
		2DC364EA1D4B334F006514EE /* Strings.swift in Sources */ = {isa = PBXBuildFile; fileRef = 2DC364E91D4B334F006514EE /* Strings.swift */; };
		2DC364EC1D4B335C006514EE /* Colors.swift in Sources */ = {isa = PBXBuildFile; fileRef = 2DC364EB1D4B335C006514EE /* Colors.swift */; };
		2DC364EE1D4B3367006514EE /* Constants.swift in Sources */ = {isa = PBXBuildFile; fileRef = 2DC364ED1D4B3367006514EE /* Constants.swift */; };
		2DC364F01D4B3383006514EE /* Errors.swift in Sources */ = {isa = PBXBuildFile; fileRef = 2DC364EF1D4B3383006514EE /* Errors.swift */; };
		2DC364F41D4B3812006514EE /* ResponseSerializer.swift in Sources */ = {isa = PBXBuildFile; fileRef = 2DC364F31D4B3812006514EE /* ResponseSerializer.swift */; };
		2DC364F61D4B3830006514EE /* ApiManager.swift in Sources */ = {isa = PBXBuildFile; fileRef = 2DC364F51D4B3830006514EE /* ApiManager.swift */; };
		2DC364F81D4B3CB5006514EE /* LoginService.swift in Sources */ = {isa = PBXBuildFile; fileRef = 2DC364F71D4B3CB5006514EE /* LoginService.swift */; };
		2DC364FA1D4B3E59006514EE /* BaseService.swift in Sources */ = {isa = PBXBuildFile; fileRef = 2DC364F91D4B3E59006514EE /* BaseService.swift */; };
		6FD3714FA0A95CADC3956C61 /* Pods_FourSquare.framework in Frameworks */ = {isa = PBXBuildFile; fileRef = FC15CD9639F8CC4F71EE7E39 /* Pods_FourSquare.framework */; };
		990395AF1D58BF8800CBE542 /* PageImageHeaderView.swift in Sources */ = {isa = PBXBuildFile; fileRef = 990395AE1D58BF8800CBE542 /* PageImageHeaderView.swift */; };
		990395B11D58BFB200CBE542 /* PageImageHeaderView.xib in Resources */ = {isa = PBXBuildFile; fileRef = 990395B01D58BFB200CBE542 /* PageImageHeaderView.xib */; };
		991121D51D535430001EDBD2 /* DetailVenueViewController.swift in Sources */ = {isa = PBXBuildFile; fileRef = 991121D31D535430001EDBD2 /* DetailVenueViewController.swift */; };
		991121D61D535430001EDBD2 /* DetailVenueViewController.xib in Resources */ = {isa = PBXBuildFile; fileRef = 991121D41D535430001EDBD2 /* DetailVenueViewController.xib */; };
		991C6E631D65979E00865E4C /* GoogleDirectionsService.swift in Sources */ = {isa = PBXBuildFile; fileRef = 991C6E621D65979E00865E4C /* GoogleDirectionsService.swift */; };
		991DACE11D5B93DE00A76A77 /* VenueLocation.swift in Sources */ = {isa = PBXBuildFile; fileRef = 991DACE01D5B93DE00A76A77 /* VenueLocation.swift */; };
		991DACE31D5B969D00A76A77 /* VenueCategory.swift in Sources */ = {isa = PBXBuildFile; fileRef = 991DACE21D5B969D00A76A77 /* VenueCategory.swift */; };
		9929666A1D6AAF440031BFD9 /* ZoomImagesViewController.swift in Sources */ = {isa = PBXBuildFile; fileRef = 992966681D6AAF440031BFD9 /* ZoomImagesViewController.swift */; };
		9929666B1D6AAF440031BFD9 /* ZoomImagesViewController.xib in Resources */ = {isa = PBXBuildFile; fileRef = 992966691D6AAF440031BFD9 /* ZoomImagesViewController.xib */; };
		9929666F1D6AB2120031BFD9 /* ZoomCollectionViewCell.swift in Sources */ = {isa = PBXBuildFile; fileRef = 9929666D1D6AB2120031BFD9 /* ZoomCollectionViewCell.swift */; };
		992966701D6AB2120031BFD9 /* ZoomCollectionViewCell.xib in Resources */ = {isa = PBXBuildFile; fileRef = 9929666E1D6AB2120031BFD9 /* ZoomCollectionViewCell.xib */; };
		992A1D701D596C0E0047B63B /* SearchVenueViewController.swift in Sources */ = {isa = PBXBuildFile; fileRef = 992A1D6E1D596C0E0047B63B /* SearchVenueViewController.swift */; };
		992A1D711D596C0E0047B63B /* SearchVenueViewController.xib in Resources */ = {isa = PBXBuildFile; fileRef = 992A1D6F1D596C0E0047B63B /* SearchVenueViewController.xib */; };
		992A1D741D59817A0047B63B /* MarkerMap.swift in Sources */ = {isa = PBXBuildFile; fileRef = 992A1D731D59817A0047B63B /* MarkerMap.swift */; };
		992A1D7C1D59C6DD0047B63B /* VenueSearchingViewController.swift in Sources */ = {isa = PBXBuildFile; fileRef = 992A1D7A1D59C6DD0047B63B /* VenueSearchingViewController.swift */; };
		992A1D7D1D59C6DD0047B63B /* VenueSearchingViewController.xib in Resources */ = {isa = PBXBuildFile; fileRef = 992A1D7B1D59C6DD0047B63B /* VenueSearchingViewController.xib */; };
		992A1D801D59C7260047B63B /* VenueSearchingMapViewController.swift in Sources */ = {isa = PBXBuildFile; fileRef = 992A1D7E1D59C7260047B63B /* VenueSearchingMapViewController.swift */; };
		992A1D811D59C7260047B63B /* VenueSearchingMapViewController.xib in Resources */ = {isa = PBXBuildFile; fileRef = 992A1D7F1D59C7260047B63B /* VenueSearchingMapViewController.xib */; };
		993AD65B1D518BEE00B945FA /* NotificationCenter.swift in Sources */ = {isa = PBXBuildFile; fileRef = 993AD65A1D518BEE00B945FA /* NotificationCenter.swift */; };
		994B95521D5ACAF10013D9E3 /* Venue.swift in Sources */ = {isa = PBXBuildFile; fileRef = 994B95511D5ACAF10013D9E3 /* Venue.swift */; };
		994B95541D5B07390013D9E3 /* VenueService.swift in Sources */ = {isa = PBXBuildFile; fileRef = 994B95531D5B07390013D9E3 /* VenueService.swift */; };
		9956F3E81D54906D00748882 /* HomeViewController.xib in Resources */ = {isa = PBXBuildFile; fileRef = 9956F3E71D54906D00748882 /* HomeViewController.xib */; };
		996DF4011D56461100693216 /* ViewHeaderVenueDetail.swift in Sources */ = {isa = PBXBuildFile; fileRef = 996DF4001D56461100693216 /* ViewHeaderVenueDetail.swift */; };
		996DF4031D56462300693216 /* ViewHeaderVenueDetail.xib in Resources */ = {isa = PBXBuildFile; fileRef = 996DF4021D56462300693216 /* ViewHeaderVenueDetail.xib */; };
		996DF4061D56473C00693216 /* DefaultVenueDetailCell.swift in Sources */ = {isa = PBXBuildFile; fileRef = 996DF4041D56473C00693216 /* DefaultVenueDetailCell.swift */; };
		996DF4071D56473C00693216 /* DefaultVenueDetailCell.xib in Resources */ = {isa = PBXBuildFile; fileRef = 996DF4051D56473C00693216 /* DefaultVenueDetailCell.xib */; };
		996DF40A1D564B9700693216 /* TipsDetailVenueCell.swift in Sources */ = {isa = PBXBuildFile; fileRef = 996DF4081D564B9700693216 /* TipsDetailVenueCell.swift */; };
		996DF40B1D564B9700693216 /* TipsDetailVenueCell.xib in Resources */ = {isa = PBXBuildFile; fileRef = 996DF4091D564B9700693216 /* TipsDetailVenueCell.xib */; };
		996DF40E1D56520B00693216 /* MapDetailVenueCell.swift in Sources */ = {isa = PBXBuildFile; fileRef = 996DF40C1D56520B00693216 /* MapDetailVenueCell.swift */; };
		996DF40F1D56520B00693216 /* MapDetailVenueCell.xib in Resources */ = {isa = PBXBuildFile; fileRef = 996DF40D1D56520B00693216 /* MapDetailVenueCell.xib */; };
		997227FC1D5C0EEB0053E320 /* VenuePrice.swift in Sources */ = {isa = PBXBuildFile; fileRef = 997227FB1D5C0EEB0053E320 /* VenuePrice.swift */; };
		997227FE1D5C10B80053E320 /* Photo.swift in Sources */ = {isa = PBXBuildFile; fileRef = 997227FD1D5C10B80053E320 /* Photo.swift */; };
		997228001D5C20BB0053E320 /* VenueHours.swift in Sources */ = {isa = PBXBuildFile; fileRef = 997227FF1D5C20BB0053E320 /* VenueHours.swift */; };
		997228021D5C31E50053E320 /* VenueTip.swift in Sources */ = {isa = PBXBuildFile; fileRef = 997228011D5C31E50053E320 /* VenueTip.swift */; };
		997228041D5C38F50053E320 /* VenueContact.swift in Sources */ = {isa = PBXBuildFile; fileRef = 997228031D5C38F50053E320 /* VenueContact.swift */; };
		997228081D5C74130053E320 /* UIColor.swift in Sources */ = {isa = PBXBuildFile; fileRef = 997228071D5C74130053E320 /* UIColor.swift */; };
		997EA6F11D62CF0900006AD8 /* RealmManager.swift in Sources */ = {isa = PBXBuildFile; fileRef = 997EA6F01D62CF0900006AD8 /* RealmManager.swift */; };
		997EA6F41D62F14C00006AD8 /* ListTransform.swift in Sources */ = {isa = PBXBuildFile; fileRef = 997EA6F31D62F14C00006AD8 /* ListTransform.swift */; };
		9987AA0E1D52F83C00AB7E6D /* VenueItemTableViewCell.swift in Sources */ = {isa = PBXBuildFile; fileRef = 9987AA0C1D52F83C00AB7E6D /* VenueItemTableViewCell.swift */; };
		9987AA0F1D52F83C00AB7E6D /* VenueItemTableViewCell.xib in Resources */ = {isa = PBXBuildFile; fileRef = 9987AA0D1D52F83C00AB7E6D /* VenueItemTableViewCell.xib */; };
		9987AA121D52F84C00AB7E6D /* MenuItemViewController.swift in Sources */ = {isa = PBXBuildFile; fileRef = 9987AA101D52F84C00AB7E6D /* MenuItemViewController.swift */; };
		999165DA1D52D7AF00320877 /* BaseViewController.swift in Sources */ = {isa = PBXBuildFile; fileRef = 999165D91D52D7AF00320877 /* BaseViewController.swift */; };
		999165DD1D52E92C00320877 /* UIApplication.swift in Sources */ = {isa = PBXBuildFile; fileRef = 999165DC1D52E92C00320877 /* UIApplication.swift */; };
		9997EDE91D615DED00E6404D /* MyLocationManager.swift in Sources */ = {isa = PBXBuildFile; fileRef = 9997EDE81D615DEC00E6404D /* MyLocationManager.swift */; };
		99A89EA21D5707FE00429962 /* MapDetailVenueViewController.swift in Sources */ = {isa = PBXBuildFile; fileRef = 99A89EA01D5707FE00429962 /* MapDetailVenueViewController.swift */; };
		99A89EA31D5707FE00429962 /* MapDetailVenueViewController.xib in Resources */ = {isa = PBXBuildFile; fileRef = 99A89EA11D5707FE00429962 /* MapDetailVenueViewController.xib */; };
		99AA465F1D542A8F004EFCB2 /* ImagePageItemViewController.swift in Sources */ = {isa = PBXBuildFile; fileRef = 99AA465D1D542A8F004EFCB2 /* ImagePageItemViewController.swift */; };
		99AA46601D542A8F004EFCB2 /* ImagePageItemViewController.xib in Resources */ = {isa = PBXBuildFile; fileRef = 99AA465E1D542A8F004EFCB2 /* ImagePageItemViewController.xib */; };
		99AB79491D71ED8700AB9029 /* User.swift in Sources */ = {isa = PBXBuildFile; fileRef = 99AB79481D71ED8700AB9029 /* User.swift */; };
		99AB794B1D71F07800AB9029 /* UserAuthToken.swift in Sources */ = {isa = PBXBuildFile; fileRef = 99AB794A1D71F07800AB9029 /* UserAuthToken.swift */; };
		99AF4FB81D7677CA00502F57 /* CommentService.swift in Sources */ = {isa = PBXBuildFile; fileRef = 99AF4FB71D7677CA00502F57 /* CommentService.swift */; };
		99BE7C291D5798A300CCCBFB /* UIImage.swift in Sources */ = {isa = PBXBuildFile; fileRef = 99BE7C281D5798A300CCCBFB /* UIImage.swift */; };
		99C581081D54FD180095EE7F /* TopPicksViewController.swift in Sources */ = {isa = PBXBuildFile; fileRef = 99C581061D54FD180095EE7F /* TopPicksViewController.swift */; };
		99C581091D54FD180095EE7F /* TopPicksViewController.xib in Resources */ = {isa = PBXBuildFile; fileRef = 99C581071D54FD180095EE7F /* TopPicksViewController.xib */; };
		99C5810C1D54FE9C0095EE7F /* ArtsViewController.swift in Sources */ = {isa = PBXBuildFile; fileRef = 99C5810A1D54FE9C0095EE7F /* ArtsViewController.swift */; };
		99C5810D1D54FE9C0095EE7F /* ArtsViewController.xib in Resources */ = {isa = PBXBuildFile; fileRef = 99C5810B1D54FE9C0095EE7F /* ArtsViewController.xib */; };
		99C581101D54FED30095EE7F /* CoffeeViewController.swift in Sources */ = {isa = PBXBuildFile; fileRef = 99C5810E1D54FED30095EE7F /* CoffeeViewController.swift */; };
		99C581111D54FED30095EE7F /* CoffeeViewController.xib in Resources */ = {isa = PBXBuildFile; fileRef = 99C5810F1D54FED30095EE7F /* CoffeeViewController.xib */; };
		99C581141D54FF2E0095EE7F /* DrinksViewController.swift in Sources */ = {isa = PBXBuildFile; fileRef = 99C581121D54FF2E0095EE7F /* DrinksViewController.swift */; };
		99C581151D54FF2E0095EE7F /* DrinksViewController.xib in Resources */ = {isa = PBXBuildFile; fileRef = 99C581131D54FF2E0095EE7F /* DrinksViewController.xib */; };
		99C581181D5500B60095EE7F /* FoodViewController.swift in Sources */ = {isa = PBXBuildFile; fileRef = 99C581161D5500B60095EE7F /* FoodViewController.swift */; };
		99C581191D5500B60095EE7F /* FoodViewController.xib in Resources */ = {isa = PBXBuildFile; fileRef = 99C581171D5500B60095EE7F /* FoodViewController.xib */; };
		99C5811C1D5500D20095EE7F /* OutdoorsViewController.swift in Sources */ = {isa = PBXBuildFile; fileRef = 99C5811A1D5500D20095EE7F /* OutdoorsViewController.swift */; };
		99C5811D1D5500D20095EE7F /* OutdoorsViewController.xib in Resources */ = {isa = PBXBuildFile; fileRef = 99C5811B1D5500D20095EE7F /* OutdoorsViewController.xib */; };
		99C581201D5500ED0095EE7F /* ShopsViewController.swift in Sources */ = {isa = PBXBuildFile; fileRef = 99C5811E1D5500ED0095EE7F /* ShopsViewController.swift */; };
		99C581211D5500ED0095EE7F /* ShopsViewController.xib in Resources */ = {isa = PBXBuildFile; fileRef = 99C5811F1D5500ED0095EE7F /* ShopsViewController.xib */; };
		99C581241D5501070095EE7F /* SightsViewController.swift in Sources */ = {isa = PBXBuildFile; fileRef = 99C581221D5501070095EE7F /* SightsViewController.swift */; };
		99C581251D5501070095EE7F /* SightsViewController.xib in Resources */ = {isa = PBXBuildFile; fileRef = 99C581231D5501070095EE7F /* SightsViewController.xib */; };
		99C581281D5501240095EE7F /* TrendingViewController.swift in Sources */ = {isa = PBXBuildFile; fileRef = 99C581261D5501240095EE7F /* TrendingViewController.swift */; };
		99C581291D5501240095EE7F /* TrendingViewController.xib in Resources */ = {isa = PBXBuildFile; fileRef = 99C581271D5501240095EE7F /* TrendingViewController.xib */; };
		99C58DC21D6A24810003D23C /* ImagesCollectionViewHeader.swift in Sources */ = {isa = PBXBuildFile; fileRef = 99C58DC11D6A24810003D23C /* ImagesCollectionViewHeader.swift */; };
		99C58DC41D6A248A0003D23C /* ImagesCollectionViewHeader.xib in Resources */ = {isa = PBXBuildFile; fileRef = 99C58DC31D6A248A0003D23C /* ImagesCollectionViewHeader.xib */; };
		99C58DC81D6A280B0003D23C /* ImagesCollectionViewCell.swift in Sources */ = {isa = PBXBuildFile; fileRef = 99C58DC61D6A280B0003D23C /* ImagesCollectionViewCell.swift */; };
		99C58DC91D6A280B0003D23C /* ImagesCollectionViewCell.xib in Resources */ = {isa = PBXBuildFile; fileRef = 99C58DC71D6A280B0003D23C /* ImagesCollectionViewCell.xib */; };
		99DB75241D73EB8F00CB8CBE /* UserRealmManager.swift in Sources */ = {isa = PBXBuildFile; fileRef = 99DB75231D73EB8F00CB8CBE /* UserRealmManager.swift */; };
		99DB75281D7421E800CB8CBE /* LogoutTableViewCell.swift in Sources */ = {isa = PBXBuildFile; fileRef = 99DB75261D7421E800CB8CBE /* LogoutTableViewCell.swift */; };
		99DB75291D7421E800CB8CBE /* LogoutTableViewCell.xib in Resources */ = {isa = PBXBuildFile; fileRef = 99DB75271D7421E800CB8CBE /* LogoutTableViewCell.xib */; };
		99EB2A1F1D4F4CCB0024FEF9 /* BackgroundViewController.swift in Sources */ = {isa = PBXBuildFile; fileRef = 99EB2A1D1D4F4CCB0024FEF9 /* BackgroundViewController.swift */; };
		99EB2A201D4F4CCB0024FEF9 /* BackgroundViewController.xib in Resources */ = {isa = PBXBuildFile; fileRef = 99EB2A1E1D4F4CCB0024FEF9 /* BackgroundViewController.xib */; };
		99EB2A241D4F4FC60024FEF9 /* LeftSideMenuViewController.swift in Sources */ = {isa = PBXBuildFile; fileRef = 99EB2A221D4F4FC60024FEF9 /* LeftSideMenuViewController.swift */; };
		99EB2A251D4F4FC60024FEF9 /* LeftSideMenuViewController.xib in Resources */ = {isa = PBXBuildFile; fileRef = 99EB2A231D4F4FC60024FEF9 /* LeftSideMenuViewController.xib */; };
		99EB2A291D4F50B20024FEF9 /* HomeViewController.swift in Sources */ = {isa = PBXBuildFile; fileRef = 99EB2A271D4F50B20024FEF9 /* HomeViewController.swift */; };
		99ED290D1D502CC80088FCAD /* CustomMainMenuTableViewCell.swift in Sources */ = {isa = PBXBuildFile; fileRef = 99ED290B1D502CC80088FCAD /* CustomMainMenuTableViewCell.swift */; };
		99ED290E1D502CC80088FCAD /* CustomMainMenuTableViewCell.xib in Resources */ = {isa = PBXBuildFile; fileRef = 99ED290C1D502CC80088FCAD /* CustomMainMenuTableViewCell.xib */; };
		99ED29121D5031960088FCAD /* CustomMenuItemsTableViewCell.swift in Sources */ = {isa = PBXBuildFile; fileRef = 99ED29101D5031960088FCAD /* CustomMenuItemsTableViewCell.swift */; };
		99ED29131D5031960088FCAD /* CustomMenuItemsTableViewCell.xib in Resources */ = {isa = PBXBuildFile; fileRef = 99ED29111D5031960088FCAD /* CustomMenuItemsTableViewCell.xib */; };
		99ED291E1D5058980088FCAD /* ViewForHeaderMenuItems.swift in Sources */ = {isa = PBXBuildFile; fileRef = 99ED291D1D5058980088FCAD /* ViewForHeaderMenuItems.swift */; };
		99ED29201D5058A90088FCAD /* ViewForHeaderMenuItems.xib in Resources */ = {isa = PBXBuildFile; fileRef = 99ED291F1D5058A90088FCAD /* ViewForHeaderMenuItems.xib */; };
		99ED29261D507BB80088FCAD /* FavoriteViewController.swift in Sources */ = {isa = PBXBuildFile; fileRef = 99ED29241D507BB80088FCAD /* FavoriteViewController.swift */; };
		99ED29271D507BB80088FCAD /* FavoriteViewController.xib in Resources */ = {isa = PBXBuildFile; fileRef = 99ED29251D507BB80088FCAD /* FavoriteViewController.xib */; };
		99ED292B1D508B550088FCAD /* HistoryViewController.swift in Sources */ = {isa = PBXBuildFile; fileRef = 99ED29291D508B550088FCAD /* HistoryViewController.swift */; };
		99ED292C1D508B550088FCAD /* HistoryViewController.xib in Resources */ = {isa = PBXBuildFile; fileRef = 99ED292A1D508B550088FCAD /* HistoryViewController.xib */; };
		99ED292F1D5097470088FCAD /* NavigationBar.swift in Sources */ = {isa = PBXBuildFile; fileRef = 99ED292E1D5097470088FCAD /* NavigationBar.swift */; };
		99F661AA1D526887009A0E47 /* UIView.swift in Sources */ = {isa = PBXBuildFile; fileRef = 99F661A91D526887009A0E47 /* UIView.swift */; };
		99FC6E941D5831C600CC2B34 /* MapViewController.swift in Sources */ = {isa = PBXBuildFile; fileRef = 99FC6E921D5831C600CC2B34 /* MapViewController.swift */; };
		99FC6E951D5831C600CC2B34 /* MapViewController.xib in Resources */ = {isa = PBXBuildFile; fileRef = 99FC6E931D5831C600CC2B34 /* MapViewController.xib */; };
		99FC6E991D58470900CC2B34 /* VenueCollectionViewCell.swift in Sources */ = {isa = PBXBuildFile; fileRef = 99FC6E971D58470900CC2B34 /* VenueCollectionViewCell.swift */; };
		99FC6E9A1D58470900CC2B34 /* VenueCollectionViewCell.xib in Resources */ = {isa = PBXBuildFile; fileRef = 99FC6E981D58470900CC2B34 /* VenueCollectionViewCell.xib */; };
		B35E1E15FEE8C3C6451A025E /* Pods_FourSquareUITests.framework in Frameworks */ = {isa = PBXBuildFile; fileRef = E829FABD06C07E08A3327FBD /* Pods_FourSquareUITests.framework */; };
		C4A1F234F7B15EB608FFED5F /* Pods_FourSquareTests.framework in Frameworks */ = {isa = PBXBuildFile; fileRef = 75E17F665F372167F28CEE7D /* Pods_FourSquareTests.framework */; };
/* End PBXBuildFile section */

/* Begin PBXContainerItemProxy section */
		2DC3649E1D4B0941006514EE /* PBXContainerItemProxy */ = {
			isa = PBXContainerItemProxy;
			containerPortal = 2DC364811D4B0941006514EE /* Project object */;
			proxyType = 1;
			remoteGlobalIDString = 2DC364881D4B0941006514EE;
			remoteInfo = FourSquare;
		};
		2DC364A91D4B0941006514EE /* PBXContainerItemProxy */ = {
			isa = PBXContainerItemProxy;
			containerPortal = 2DC364811D4B0941006514EE /* Project object */;
			proxyType = 1;
			remoteGlobalIDString = 2DC364881D4B0941006514EE;
			remoteInfo = FourSquare;
		};
/* End PBXContainerItemProxy section */

/* Begin PBXFileReference section */
		2DC364891D4B0941006514EE /* FourSquare.app */ = {isa = PBXFileReference; explicitFileType = wrapper.application; includeInIndex = 0; path = FourSquare.app; sourceTree = BUILT_PRODUCTS_DIR; };
		2DC3649D1D4B0941006514EE /* FourSquareTests.xctest */ = {isa = PBXFileReference; explicitFileType = wrapper.cfbundle; includeInIndex = 0; path = FourSquareTests.xctest; sourceTree = BUILT_PRODUCTS_DIR; };
		2DC364A11D4B0941006514EE /* FourSquareTests.swift */ = {isa = PBXFileReference; lastKnownFileType = sourcecode.swift; path = FourSquareTests.swift; sourceTree = "<group>"; };
		2DC364A31D4B0941006514EE /* Info.plist */ = {isa = PBXFileReference; lastKnownFileType = text.plist.xml; path = Info.plist; sourceTree = "<group>"; };
		2DC364A81D4B0941006514EE /* FourSquareUITests.xctest */ = {isa = PBXFileReference; explicitFileType = wrapper.cfbundle; includeInIndex = 0; path = FourSquareUITests.xctest; sourceTree = BUILT_PRODUCTS_DIR; };
		2DC364AC1D4B0941006514EE /* FourSquareUITests.swift */ = {isa = PBXFileReference; lastKnownFileType = sourcecode.swift; path = FourSquareUITests.swift; sourceTree = "<group>"; };
		2DC364AE1D4B0941006514EE /* Info.plist */ = {isa = PBXFileReference; lastKnownFileType = text.plist.xml; path = Info.plist; sourceTree = "<group>"; };
		2DC364C21D4B0B3C006514EE /* Assets.xcassets */ = {isa = PBXFileReference; lastKnownFileType = folder.assetcatalog; path = Assets.xcassets; sourceTree = "<group>"; };
		2DC364C51D4B0BD7006514EE /* AppDelegate.swift */ = {isa = PBXFileReference; fileEncoding = 4; lastKnownFileType = sourcecode.swift; path = AppDelegate.swift; sourceTree = "<group>"; };
		2DC364C81D4B0C7C006514EE /* Info.plist */ = {isa = PBXFileReference; fileEncoding = 4; lastKnownFileType = text.plist.xml; path = Info.plist; sourceTree = "<group>"; };
		2DC364CB1D4B0CAE006514EE /* LaunchScreen.storyboard */ = {isa = PBXFileReference; fileEncoding = 4; lastKnownFileType = file.storyboard; path = LaunchScreen.storyboard; sourceTree = "<group>"; };
		2DC364D71D4B0FED006514EE /* LoginViewController.swift */ = {isa = PBXFileReference; fileEncoding = 4; lastKnownFileType = sourcecode.swift; path = LoginViewController.swift; sourceTree = "<group>"; };
		2DC364D81D4B0FED006514EE /* LoginViewController.xib */ = {isa = PBXFileReference; fileEncoding = 4; lastKnownFileType = file.xib; path = LoginViewController.xib; sourceTree = "<group>"; };
		2DC364DE1D4B1892006514EE /* UIScrollView.swift */ = {isa = PBXFileReference; fileEncoding = 4; lastKnownFileType = sourcecode.swift; path = UIScrollView.swift; sourceTree = "<group>"; };
		2DC364E11D4B190E006514EE /* LoginButton.swift */ = {isa = PBXFileReference; fileEncoding = 4; lastKnownFileType = sourcecode.swift; path = LoginButton.swift; sourceTree = "<group>"; };
		2DC364E31D4B1922006514EE /* UserTip.swift */ = {isa = PBXFileReference; fileEncoding = 4; lastKnownFileType = sourcecode.swift; path = UserTip.swift; sourceTree = "<group>"; };
		2DC364E51D4B19C4006514EE /* ApiPath.swift */ = {isa = PBXFileReference; fileEncoding = 4; lastKnownFileType = sourcecode.swift; path = ApiPath.swift; sourceTree = "<group>"; };
		2DC364E71D4B3344006514EE /* Keys.swift */ = {isa = PBXFileReference; fileEncoding = 4; lastKnownFileType = sourcecode.swift; path = Keys.swift; sourceTree = "<group>"; };
		2DC364E91D4B334F006514EE /* Strings.swift */ = {isa = PBXFileReference; fileEncoding = 4; lastKnownFileType = sourcecode.swift; path = Strings.swift; sourceTree = "<group>"; };
		2DC364EB1D4B335C006514EE /* Colors.swift */ = {isa = PBXFileReference; fileEncoding = 4; lastKnownFileType = sourcecode.swift; path = Colors.swift; sourceTree = "<group>"; };
		2DC364ED1D4B3367006514EE /* Constants.swift */ = {isa = PBXFileReference; fileEncoding = 4; lastKnownFileType = sourcecode.swift; path = Constants.swift; sourceTree = "<group>"; };
		2DC364EF1D4B3383006514EE /* Errors.swift */ = {isa = PBXFileReference; fileEncoding = 4; lastKnownFileType = sourcecode.swift; path = Errors.swift; sourceTree = "<group>"; };
		2DC364F31D4B3812006514EE /* ResponseSerializer.swift */ = {isa = PBXFileReference; fileEncoding = 4; lastKnownFileType = sourcecode.swift; path = ResponseSerializer.swift; sourceTree = "<group>"; };
		2DC364F51D4B3830006514EE /* ApiManager.swift */ = {isa = PBXFileReference; fileEncoding = 4; lastKnownFileType = sourcecode.swift; path = ApiManager.swift; sourceTree = "<group>"; };
		2DC364F71D4B3CB5006514EE /* LoginService.swift */ = {isa = PBXFileReference; fileEncoding = 4; lastKnownFileType = sourcecode.swift; path = LoginService.swift; sourceTree = "<group>"; };
		2DC364F91D4B3E59006514EE /* BaseService.swift */ = {isa = PBXFileReference; fileEncoding = 4; lastKnownFileType = sourcecode.swift; path = BaseService.swift; sourceTree = "<group>"; };
		512E27F3B2DC01B8A65CEB56 /* Pods-FourSquareTests.debug.xcconfig */ = {isa = PBXFileReference; includeInIndex = 1; lastKnownFileType = text.xcconfig; name = "Pods-FourSquareTests.debug.xcconfig"; path = "Pods/Target Support Files/Pods-FourSquareTests/Pods-FourSquareTests.debug.xcconfig"; sourceTree = "<group>"; };
		6A5E22D726FE0F2D638DCFC1 /* Pods-FourSquareUITests.debug.xcconfig */ = {isa = PBXFileReference; includeInIndex = 1; lastKnownFileType = text.xcconfig; name = "Pods-FourSquareUITests.debug.xcconfig"; path = "Pods/Target Support Files/Pods-FourSquareUITests/Pods-FourSquareUITests.debug.xcconfig"; sourceTree = "<group>"; };
		70672F30AFA21B18568485EB /* Pods-FourSquare.debug.xcconfig */ = {isa = PBXFileReference; includeInIndex = 1; lastKnownFileType = text.xcconfig; name = "Pods-FourSquare.debug.xcconfig"; path = "Pods/Target Support Files/Pods-FourSquare/Pods-FourSquare.debug.xcconfig"; sourceTree = "<group>"; };
		75E17F665F372167F28CEE7D /* Pods_FourSquareTests.framework */ = {isa = PBXFileReference; explicitFileType = wrapper.framework; includeInIndex = 0; path = Pods_FourSquareTests.framework; sourceTree = BUILT_PRODUCTS_DIR; };
		90B930BF0939262C8CA47B5E /* Pods-FourSquareTests.release.xcconfig */ = {isa = PBXFileReference; includeInIndex = 1; lastKnownFileType = text.xcconfig; name = "Pods-FourSquareTests.release.xcconfig"; path = "Pods/Target Support Files/Pods-FourSquareTests/Pods-FourSquareTests.release.xcconfig"; sourceTree = "<group>"; };
		990395AE1D58BF8800CBE542 /* PageImageHeaderView.swift */ = {isa = PBXFileReference; fileEncoding = 4; lastKnownFileType = sourcecode.swift; path = PageImageHeaderView.swift; sourceTree = "<group>"; };
		990395B01D58BFB200CBE542 /* PageImageHeaderView.xib */ = {isa = PBXFileReference; fileEncoding = 4; lastKnownFileType = file.xib; path = PageImageHeaderView.xib; sourceTree = "<group>"; };
		991121D31D535430001EDBD2 /* DetailVenueViewController.swift */ = {isa = PBXFileReference; fileEncoding = 4; lastKnownFileType = sourcecode.swift; path = DetailVenueViewController.swift; sourceTree = "<group>"; };
		991121D41D535430001EDBD2 /* DetailVenueViewController.xib */ = {isa = PBXFileReference; fileEncoding = 4; lastKnownFileType = file.xib; path = DetailVenueViewController.xib; sourceTree = "<group>"; };
		991C6E621D65979E00865E4C /* GoogleDirectionsService.swift */ = {isa = PBXFileReference; fileEncoding = 4; lastKnownFileType = sourcecode.swift; path = GoogleDirectionsService.swift; sourceTree = "<group>"; };
		991DACE01D5B93DE00A76A77 /* VenueLocation.swift */ = {isa = PBXFileReference; fileEncoding = 4; lastKnownFileType = sourcecode.swift; path = VenueLocation.swift; sourceTree = "<group>"; };
		991DACE21D5B969D00A76A77 /* VenueCategory.swift */ = {isa = PBXFileReference; fileEncoding = 4; lastKnownFileType = sourcecode.swift; path = VenueCategory.swift; sourceTree = "<group>"; };
		992966681D6AAF440031BFD9 /* ZoomImagesViewController.swift */ = {isa = PBXFileReference; fileEncoding = 4; lastKnownFileType = sourcecode.swift; path = ZoomImagesViewController.swift; sourceTree = "<group>"; };
		992966691D6AAF440031BFD9 /* ZoomImagesViewController.xib */ = {isa = PBXFileReference; fileEncoding = 4; lastKnownFileType = file.xib; path = ZoomImagesViewController.xib; sourceTree = "<group>"; };
		9929666D1D6AB2120031BFD9 /* ZoomCollectionViewCell.swift */ = {isa = PBXFileReference; fileEncoding = 4; lastKnownFileType = sourcecode.swift; path = ZoomCollectionViewCell.swift; sourceTree = "<group>"; };
		9929666E1D6AB2120031BFD9 /* ZoomCollectionViewCell.xib */ = {isa = PBXFileReference; fileEncoding = 4; lastKnownFileType = file.xib; path = ZoomCollectionViewCell.xib; sourceTree = "<group>"; };
		992A1D6E1D596C0E0047B63B /* SearchVenueViewController.swift */ = {isa = PBXFileReference; fileEncoding = 4; lastKnownFileType = sourcecode.swift; path = SearchVenueViewController.swift; sourceTree = "<group>"; };
		992A1D6F1D596C0E0047B63B /* SearchVenueViewController.xib */ = {isa = PBXFileReference; fileEncoding = 4; lastKnownFileType = file.xib; path = SearchVenueViewController.xib; sourceTree = "<group>"; };
		992A1D731D59817A0047B63B /* MarkerMap.swift */ = {isa = PBXFileReference; fileEncoding = 4; lastKnownFileType = sourcecode.swift; path = MarkerMap.swift; sourceTree = "<group>"; };
		992A1D7A1D59C6DD0047B63B /* VenueSearchingViewController.swift */ = {isa = PBXFileReference; fileEncoding = 4; lastKnownFileType = sourcecode.swift; path = VenueSearchingViewController.swift; sourceTree = "<group>"; };
		992A1D7B1D59C6DD0047B63B /* VenueSearchingViewController.xib */ = {isa = PBXFileReference; fileEncoding = 4; lastKnownFileType = file.xib; path = VenueSearchingViewController.xib; sourceTree = "<group>"; };
		992A1D7E1D59C7260047B63B /* VenueSearchingMapViewController.swift */ = {isa = PBXFileReference; fileEncoding = 4; lastKnownFileType = sourcecode.swift; path = VenueSearchingMapViewController.swift; sourceTree = "<group>"; };
		992A1D7F1D59C7260047B63B /* VenueSearchingMapViewController.xib */ = {isa = PBXFileReference; fileEncoding = 4; lastKnownFileType = file.xib; path = VenueSearchingMapViewController.xib; sourceTree = "<group>"; };
		993AD65A1D518BEE00B945FA /* NotificationCenter.swift */ = {isa = PBXFileReference; fileEncoding = 4; lastKnownFileType = sourcecode.swift; path = NotificationCenter.swift; sourceTree = "<group>"; };
		994B95511D5ACAF10013D9E3 /* Venue.swift */ = {isa = PBXFileReference; fileEncoding = 4; lastKnownFileType = sourcecode.swift; path = Venue.swift; sourceTree = "<group>"; };
		994B95531D5B07390013D9E3 /* VenueService.swift */ = {isa = PBXFileReference; fileEncoding = 4; lastKnownFileType = sourcecode.swift; path = VenueService.swift; sourceTree = "<group>"; };
		9956F3E71D54906D00748882 /* HomeViewController.xib */ = {isa = PBXFileReference; fileEncoding = 4; lastKnownFileType = file.xib; name = HomeViewController.xib; path = Home/HomeViewController.xib; sourceTree = "<group>"; };
		996DF4001D56461100693216 /* ViewHeaderVenueDetail.swift */ = {isa = PBXFileReference; fileEncoding = 4; lastKnownFileType = sourcecode.swift; path = ViewHeaderVenueDetail.swift; sourceTree = "<group>"; };
		996DF4021D56462300693216 /* ViewHeaderVenueDetail.xib */ = {isa = PBXFileReference; fileEncoding = 4; lastKnownFileType = file.xib; path = ViewHeaderVenueDetail.xib; sourceTree = "<group>"; };
		996DF4041D56473C00693216 /* DefaultVenueDetailCell.swift */ = {isa = PBXFileReference; fileEncoding = 4; lastKnownFileType = sourcecode.swift; path = DefaultVenueDetailCell.swift; sourceTree = "<group>"; };
		996DF4051D56473C00693216 /* DefaultVenueDetailCell.xib */ = {isa = PBXFileReference; fileEncoding = 4; lastKnownFileType = file.xib; path = DefaultVenueDetailCell.xib; sourceTree = "<group>"; };
		996DF4081D564B9700693216 /* TipsDetailVenueCell.swift */ = {isa = PBXFileReference; fileEncoding = 4; lastKnownFileType = sourcecode.swift; path = TipsDetailVenueCell.swift; sourceTree = "<group>"; };
		996DF4091D564B9700693216 /* TipsDetailVenueCell.xib */ = {isa = PBXFileReference; fileEncoding = 4; lastKnownFileType = file.xib; path = TipsDetailVenueCell.xib; sourceTree = "<group>"; };
		996DF40C1D56520B00693216 /* MapDetailVenueCell.swift */ = {isa = PBXFileReference; fileEncoding = 4; lastKnownFileType = sourcecode.swift; path = MapDetailVenueCell.swift; sourceTree = "<group>"; };
		996DF40D1D56520B00693216 /* MapDetailVenueCell.xib */ = {isa = PBXFileReference; fileEncoding = 4; lastKnownFileType = file.xib; path = MapDetailVenueCell.xib; sourceTree = "<group>"; };
		997227FB1D5C0EEB0053E320 /* VenuePrice.swift */ = {isa = PBXFileReference; fileEncoding = 4; lastKnownFileType = sourcecode.swift; path = VenuePrice.swift; sourceTree = "<group>"; };
		997227FD1D5C10B80053E320 /* Photo.swift */ = {isa = PBXFileReference; fileEncoding = 4; lastKnownFileType = sourcecode.swift; path = Photo.swift; sourceTree = "<group>"; };
		997227FF1D5C20BB0053E320 /* VenueHours.swift */ = {isa = PBXFileReference; fileEncoding = 4; lastKnownFileType = sourcecode.swift; path = VenueHours.swift; sourceTree = "<group>"; };
		997228011D5C31E50053E320 /* VenueTip.swift */ = {isa = PBXFileReference; fileEncoding = 4; lastKnownFileType = sourcecode.swift; path = VenueTip.swift; sourceTree = "<group>"; };
		997228031D5C38F50053E320 /* VenueContact.swift */ = {isa = PBXFileReference; fileEncoding = 4; lastKnownFileType = sourcecode.swift; path = VenueContact.swift; sourceTree = "<group>"; };
		997228071D5C74130053E320 /* UIColor.swift */ = {isa = PBXFileReference; fileEncoding = 4; lastKnownFileType = sourcecode.swift; path = UIColor.swift; sourceTree = "<group>"; };
		997EA6F01D62CF0900006AD8 /* RealmManager.swift */ = {isa = PBXFileReference; fileEncoding = 4; lastKnownFileType = sourcecode.swift; path = RealmManager.swift; sourceTree = "<group>"; };
		997EA6F31D62F14C00006AD8 /* ListTransform.swift */ = {isa = PBXFileReference; fileEncoding = 4; lastKnownFileType = sourcecode.swift; path = ListTransform.swift; sourceTree = "<group>"; };
		9987AA0C1D52F83C00AB7E6D /* VenueItemTableViewCell.swift */ = {isa = PBXFileReference; fileEncoding = 4; lastKnownFileType = sourcecode.swift; name = VenueItemTableViewCell.swift; path = Base/PageBase/VenueItemTableViewCell/VenueItemTableViewCell.swift; sourceTree = "<group>"; };
		9987AA0D1D52F83C00AB7E6D /* VenueItemTableViewCell.xib */ = {isa = PBXFileReference; fileEncoding = 4; lastKnownFileType = file.xib; name = VenueItemTableViewCell.xib; path = Base/PageBase/VenueItemTableViewCell/VenueItemTableViewCell.xib; sourceTree = "<group>"; };
		9987AA101D52F84C00AB7E6D /* MenuItemViewController.swift */ = {isa = PBXFileReference; fileEncoding = 4; lastKnownFileType = sourcecode.swift; name = MenuItemViewController.swift; path = Base/PageBase/MenuItemViewController.swift; sourceTree = "<group>"; };
		999165D91D52D7AF00320877 /* BaseViewController.swift */ = {isa = PBXFileReference; fileEncoding = 4; lastKnownFileType = sourcecode.swift; name = BaseViewController.swift; path = Base/BaseViewController.swift; sourceTree = "<group>"; };
		999165DC1D52E92C00320877 /* UIApplication.swift */ = {isa = PBXFileReference; fileEncoding = 4; lastKnownFileType = sourcecode.swift; path = UIApplication.swift; sourceTree = "<group>"; };
		9997EDE81D615DEC00E6404D /* MyLocationManager.swift */ = {isa = PBXFileReference; fileEncoding = 4; lastKnownFileType = sourcecode.swift; path = MyLocationManager.swift; sourceTree = "<group>"; };
		99A89EA01D5707FE00429962 /* MapDetailVenueViewController.swift */ = {isa = PBXFileReference; fileEncoding = 4; lastKnownFileType = sourcecode.swift; path = MapDetailVenueViewController.swift; sourceTree = "<group>"; };
		99A89EA11D5707FE00429962 /* MapDetailVenueViewController.xib */ = {isa = PBXFileReference; fileEncoding = 4; lastKnownFileType = file.xib; path = MapDetailVenueViewController.xib; sourceTree = "<group>"; };
		99AA465D1D542A8F004EFCB2 /* ImagePageItemViewController.swift */ = {isa = PBXFileReference; fileEncoding = 4; lastKnownFileType = sourcecode.swift; path = ImagePageItemViewController.swift; sourceTree = "<group>"; };
		99AA465E1D542A8F004EFCB2 /* ImagePageItemViewController.xib */ = {isa = PBXFileReference; fileEncoding = 4; lastKnownFileType = file.xib; path = ImagePageItemViewController.xib; sourceTree = "<group>"; };
		99AB79481D71ED8700AB9029 /* User.swift */ = {isa = PBXFileReference; fileEncoding = 4; lastKnownFileType = sourcecode.swift; path = User.swift; sourceTree = "<group>"; };
		99AB794A1D71F07800AB9029 /* UserAuthToken.swift */ = {isa = PBXFileReference; fileEncoding = 4; lastKnownFileType = sourcecode.swift; path = UserAuthToken.swift; sourceTree = "<group>"; };
		99AF4FB71D7677CA00502F57 /* CommentService.swift */ = {isa = PBXFileReference; fileEncoding = 4; lastKnownFileType = sourcecode.swift; path = CommentService.swift; sourceTree = "<group>"; };
		99BE7C281D5798A300CCCBFB /* UIImage.swift */ = {isa = PBXFileReference; fileEncoding = 4; lastKnownFileType = sourcecode.swift; path = UIImage.swift; sourceTree = "<group>"; };
		99C581061D54FD180095EE7F /* TopPicksViewController.swift */ = {isa = PBXFileReference; fileEncoding = 4; lastKnownFileType = sourcecode.swift; path = TopPicksViewController.swift; sourceTree = "<group>"; };
		99C581071D54FD180095EE7F /* TopPicksViewController.xib */ = {isa = PBXFileReference; fileEncoding = 4; lastKnownFileType = file.xib; path = TopPicksViewController.xib; sourceTree = "<group>"; };
		99C5810A1D54FE9C0095EE7F /* ArtsViewController.swift */ = {isa = PBXFileReference; fileEncoding = 4; lastKnownFileType = sourcecode.swift; path = ArtsViewController.swift; sourceTree = "<group>"; };
		99C5810B1D54FE9C0095EE7F /* ArtsViewController.xib */ = {isa = PBXFileReference; fileEncoding = 4; lastKnownFileType = file.xib; path = ArtsViewController.xib; sourceTree = "<group>"; };
		99C5810E1D54FED30095EE7F /* CoffeeViewController.swift */ = {isa = PBXFileReference; fileEncoding = 4; lastKnownFileType = sourcecode.swift; path = CoffeeViewController.swift; sourceTree = "<group>"; };
		99C5810F1D54FED30095EE7F /* CoffeeViewController.xib */ = {isa = PBXFileReference; fileEncoding = 4; lastKnownFileType = file.xib; path = CoffeeViewController.xib; sourceTree = "<group>"; };
		99C581121D54FF2E0095EE7F /* DrinksViewController.swift */ = {isa = PBXFileReference; fileEncoding = 4; lastKnownFileType = sourcecode.swift; path = DrinksViewController.swift; sourceTree = "<group>"; };
		99C581131D54FF2E0095EE7F /* DrinksViewController.xib */ = {isa = PBXFileReference; fileEncoding = 4; lastKnownFileType = file.xib; path = DrinksViewController.xib; sourceTree = "<group>"; };
		99C581161D5500B60095EE7F /* FoodViewController.swift */ = {isa = PBXFileReference; fileEncoding = 4; lastKnownFileType = sourcecode.swift; path = FoodViewController.swift; sourceTree = "<group>"; };
		99C581171D5500B60095EE7F /* FoodViewController.xib */ = {isa = PBXFileReference; fileEncoding = 4; lastKnownFileType = file.xib; path = FoodViewController.xib; sourceTree = "<group>"; };
		99C5811A1D5500D20095EE7F /* OutdoorsViewController.swift */ = {isa = PBXFileReference; fileEncoding = 4; lastKnownFileType = sourcecode.swift; path = OutdoorsViewController.swift; sourceTree = "<group>"; };
		99C5811B1D5500D20095EE7F /* OutdoorsViewController.xib */ = {isa = PBXFileReference; fileEncoding = 4; lastKnownFileType = file.xib; path = OutdoorsViewController.xib; sourceTree = "<group>"; };
		99C5811E1D5500ED0095EE7F /* ShopsViewController.swift */ = {isa = PBXFileReference; fileEncoding = 4; lastKnownFileType = sourcecode.swift; path = ShopsViewController.swift; sourceTree = "<group>"; };
		99C5811F1D5500ED0095EE7F /* ShopsViewController.xib */ = {isa = PBXFileReference; fileEncoding = 4; lastKnownFileType = file.xib; path = ShopsViewController.xib; sourceTree = "<group>"; };
		99C581221D5501070095EE7F /* SightsViewController.swift */ = {isa = PBXFileReference; fileEncoding = 4; lastKnownFileType = sourcecode.swift; path = SightsViewController.swift; sourceTree = "<group>"; };
		99C581231D5501070095EE7F /* SightsViewController.xib */ = {isa = PBXFileReference; fileEncoding = 4; lastKnownFileType = file.xib; path = SightsViewController.xib; sourceTree = "<group>"; };
		99C581261D5501240095EE7F /* TrendingViewController.swift */ = {isa = PBXFileReference; fileEncoding = 4; lastKnownFileType = sourcecode.swift; path = TrendingViewController.swift; sourceTree = "<group>"; };
		99C581271D5501240095EE7F /* TrendingViewController.xib */ = {isa = PBXFileReference; fileEncoding = 4; lastKnownFileType = file.xib; path = TrendingViewController.xib; sourceTree = "<group>"; };
		99C58DC11D6A24810003D23C /* ImagesCollectionViewHeader.swift */ = {isa = PBXFileReference; fileEncoding = 4; lastKnownFileType = sourcecode.swift; path = ImagesCollectionViewHeader.swift; sourceTree = "<group>"; };
		99C58DC31D6A248A0003D23C /* ImagesCollectionViewHeader.xib */ = {isa = PBXFileReference; fileEncoding = 4; lastKnownFileType = file.xib; path = ImagesCollectionViewHeader.xib; sourceTree = "<group>"; };
		99C58DC61D6A280B0003D23C /* ImagesCollectionViewCell.swift */ = {isa = PBXFileReference; fileEncoding = 4; lastKnownFileType = sourcecode.swift; path = ImagesCollectionViewCell.swift; sourceTree = "<group>"; };
		99C58DC71D6A280B0003D23C /* ImagesCollectionViewCell.xib */ = {isa = PBXFileReference; fileEncoding = 4; lastKnownFileType = file.xib; path = ImagesCollectionViewCell.xib; sourceTree = "<group>"; };
		99DB75231D73EB8F00CB8CBE /* UserRealmManager.swift */ = {isa = PBXFileReference; fileEncoding = 4; lastKnownFileType = sourcecode.swift; path = UserRealmManager.swift; sourceTree = "<group>"; };
		99DB75261D7421E800CB8CBE /* LogoutTableViewCell.swift */ = {isa = PBXFileReference; fileEncoding = 4; lastKnownFileType = sourcecode.swift; path = LogoutTableViewCell.swift; sourceTree = "<group>"; };
		99DB75271D7421E800CB8CBE /* LogoutTableViewCell.xib */ = {isa = PBXFileReference; fileEncoding = 4; lastKnownFileType = file.xib; path = LogoutTableViewCell.xib; sourceTree = "<group>"; };
		99EB2A1D1D4F4CCB0024FEF9 /* BackgroundViewController.swift */ = {isa = PBXFileReference; fileEncoding = 4; lastKnownFileType = sourcecode.swift; name = BackgroundViewController.swift; path = Background/BackgroundViewController.swift; sourceTree = "<group>"; };
		99EB2A1E1D4F4CCB0024FEF9 /* BackgroundViewController.xib */ = {isa = PBXFileReference; fileEncoding = 4; lastKnownFileType = file.xib; name = BackgroundViewController.xib; path = Background/BackgroundViewController.xib; sourceTree = "<group>"; };
		99EB2A221D4F4FC60024FEF9 /* LeftSideMenuViewController.swift */ = {isa = PBXFileReference; fileEncoding = 4; lastKnownFileType = sourcecode.swift; name = LeftSideMenuViewController.swift; path = LeftSideMenu/LeftSideMenuViewController.swift; sourceTree = "<group>"; };
		99EB2A231D4F4FC60024FEF9 /* LeftSideMenuViewController.xib */ = {isa = PBXFileReference; fileEncoding = 4; lastKnownFileType = file.xib; name = LeftSideMenuViewController.xib; path = LeftSideMenu/LeftSideMenuViewController.xib; sourceTree = "<group>"; };
		99EB2A271D4F50B20024FEF9 /* HomeViewController.swift */ = {isa = PBXFileReference; fileEncoding = 4; lastKnownFileType = sourcecode.swift; name = HomeViewController.swift; path = Home/HomeViewController.swift; sourceTree = "<group>"; };
		99ED290B1D502CC80088FCAD /* CustomMainMenuTableViewCell.swift */ = {isa = PBXFileReference; fileEncoding = 4; lastKnownFileType = sourcecode.swift; name = CustomMainMenuTableViewCell.swift; path = LeftSideMenu/CustomCellSectionMainMenu/CustomMainMenuTableViewCell.swift; sourceTree = "<group>"; };
		99ED290C1D502CC80088FCAD /* CustomMainMenuTableViewCell.xib */ = {isa = PBXFileReference; fileEncoding = 4; lastKnownFileType = file.xib; name = CustomMainMenuTableViewCell.xib; path = LeftSideMenu/CustomCellSectionMainMenu/CustomMainMenuTableViewCell.xib; sourceTree = "<group>"; };
		99ED29101D5031960088FCAD /* CustomMenuItemsTableViewCell.swift */ = {isa = PBXFileReference; fileEncoding = 4; lastKnownFileType = sourcecode.swift; name = CustomMenuItemsTableViewCell.swift; path = LeftSideMenu/CustomCellSectionMenuItems/CustomMenuItemsTableViewCell.swift; sourceTree = "<group>"; };
		99ED29111D5031960088FCAD /* CustomMenuItemsTableViewCell.xib */ = {isa = PBXFileReference; fileEncoding = 4; lastKnownFileType = file.xib; name = CustomMenuItemsTableViewCell.xib; path = LeftSideMenu/CustomCellSectionMenuItems/CustomMenuItemsTableViewCell.xib; sourceTree = "<group>"; };
		99ED291D1D5058980088FCAD /* ViewForHeaderMenuItems.swift */ = {isa = PBXFileReference; fileEncoding = 4; lastKnownFileType = sourcecode.swift; name = ViewForHeaderMenuItems.swift; path = LeftSideMenu/ViewForHeaderMenuItems/ViewForHeaderMenuItems.swift; sourceTree = "<group>"; };
		99ED291F1D5058A90088FCAD /* ViewForHeaderMenuItems.xib */ = {isa = PBXFileReference; fileEncoding = 4; lastKnownFileType = file.xib; name = ViewForHeaderMenuItems.xib; path = LeftSideMenu/ViewForHeaderMenuItems/ViewForHeaderMenuItems.xib; sourceTree = "<group>"; };
		99ED29241D507BB80088FCAD /* FavoriteViewController.swift */ = {isa = PBXFileReference; fileEncoding = 4; lastKnownFileType = sourcecode.swift; name = FavoriteViewController.swift; path = Favorite/FavoriteViewController.swift; sourceTree = "<group>"; };
		99ED29251D507BB80088FCAD /* FavoriteViewController.xib */ = {isa = PBXFileReference; fileEncoding = 4; lastKnownFileType = file.xib; name = FavoriteViewController.xib; path = Favorite/FavoriteViewController.xib; sourceTree = "<group>"; };
		99ED29291D508B550088FCAD /* HistoryViewController.swift */ = {isa = PBXFileReference; fileEncoding = 4; lastKnownFileType = sourcecode.swift; name = HistoryViewController.swift; path = History/HistoryViewController.swift; sourceTree = "<group>"; };
		99ED292A1D508B550088FCAD /* HistoryViewController.xib */ = {isa = PBXFileReference; fileEncoding = 4; lastKnownFileType = file.xib; name = HistoryViewController.xib; path = History/HistoryViewController.xib; sourceTree = "<group>"; };
		99ED292E1D5097470088FCAD /* NavigationBar.swift */ = {isa = PBXFileReference; fileEncoding = 4; lastKnownFileType = sourcecode.swift; name = NavigationBar.swift; path = NavigationBar/NavigationBar.swift; sourceTree = "<group>"; };
		99F661A91D526887009A0E47 /* UIView.swift */ = {isa = PBXFileReference; fileEncoding = 4; lastKnownFileType = sourcecode.swift; path = UIView.swift; sourceTree = "<group>"; };
		99FC6E921D5831C600CC2B34 /* MapViewController.swift */ = {isa = PBXFileReference; fileEncoding = 4; lastKnownFileType = sourcecode.swift; path = MapViewController.swift; sourceTree = "<group>"; };
		99FC6E931D5831C600CC2B34 /* MapViewController.xib */ = {isa = PBXFileReference; fileEncoding = 4; lastKnownFileType = file.xib; path = MapViewController.xib; sourceTree = "<group>"; };
		99FC6E971D58470900CC2B34 /* VenueCollectionViewCell.swift */ = {isa = PBXFileReference; fileEncoding = 4; lastKnownFileType = sourcecode.swift; path = VenueCollectionViewCell.swift; sourceTree = "<group>"; };
		99FC6E981D58470900CC2B34 /* VenueCollectionViewCell.xib */ = {isa = PBXFileReference; fileEncoding = 4; lastKnownFileType = file.xib; path = VenueCollectionViewCell.xib; sourceTree = "<group>"; };
		E37BF99A7CA69EE3CBDCC9C8 /* Pods-FourSquare.release.xcconfig */ = {isa = PBXFileReference; includeInIndex = 1; lastKnownFileType = text.xcconfig; name = "Pods-FourSquare.release.xcconfig"; path = "Pods/Target Support Files/Pods-FourSquare/Pods-FourSquare.release.xcconfig"; sourceTree = "<group>"; };
		E829FABD06C07E08A3327FBD /* Pods_FourSquareUITests.framework */ = {isa = PBXFileReference; explicitFileType = wrapper.framework; includeInIndex = 0; path = Pods_FourSquareUITests.framework; sourceTree = BUILT_PRODUCTS_DIR; };
		F273E0404268C54970D2CE4D /* Pods-FourSquareUITests.release.xcconfig */ = {isa = PBXFileReference; includeInIndex = 1; lastKnownFileType = text.xcconfig; name = "Pods-FourSquareUITests.release.xcconfig"; path = "Pods/Target Support Files/Pods-FourSquareUITests/Pods-FourSquareUITests.release.xcconfig"; sourceTree = "<group>"; };
		FC15CD9639F8CC4F71EE7E39 /* Pods_FourSquare.framework */ = {isa = PBXFileReference; explicitFileType = wrapper.framework; includeInIndex = 0; path = Pods_FourSquare.framework; sourceTree = BUILT_PRODUCTS_DIR; };
/* End PBXFileReference section */

/* Begin PBXFrameworksBuildPhase section */
		2DC364861D4B0941006514EE /* Frameworks */ = {
			isa = PBXFrameworksBuildPhase;
			buildActionMask = 2147483647;
			files = (
				6FD3714FA0A95CADC3956C61 /* Pods_FourSquare.framework in Frameworks */,
			);
			runOnlyForDeploymentPostprocessing = 0;
		};
		2DC3649A1D4B0941006514EE /* Frameworks */ = {
			isa = PBXFrameworksBuildPhase;
			buildActionMask = 2147483647;
			files = (
				C4A1F234F7B15EB608FFED5F /* Pods_FourSquareTests.framework in Frameworks */,
			);
			runOnlyForDeploymentPostprocessing = 0;
		};
		2DC364A51D4B0941006514EE /* Frameworks */ = {
			isa = PBXFrameworksBuildPhase;
			buildActionMask = 2147483647;
			files = (
				B35E1E15FEE8C3C6451A025E /* Pods_FourSquareUITests.framework in Frameworks */,
			);
			runOnlyForDeploymentPostprocessing = 0;
		};
/* End PBXFrameworksBuildPhase section */

/* Begin PBXGroup section */
		299859F216839878E262A4D3 /* Pods */ = {
			isa = PBXGroup;
			children = (
				70672F30AFA21B18568485EB /* Pods-FourSquare.debug.xcconfig */,
				E37BF99A7CA69EE3CBDCC9C8 /* Pods-FourSquare.release.xcconfig */,
				512E27F3B2DC01B8A65CEB56 /* Pods-FourSquareTests.debug.xcconfig */,
				90B930BF0939262C8CA47B5E /* Pods-FourSquareTests.release.xcconfig */,
				6A5E22D726FE0F2D638DCFC1 /* Pods-FourSquareUITests.debug.xcconfig */,
				F273E0404268C54970D2CE4D /* Pods-FourSquareUITests.release.xcconfig */,
			);
			name = Pods;
			sourceTree = "<group>";
		};
		2DC364801D4B0941006514EE = {
			isa = PBXGroup;
			children = (
				2DC3648B1D4B0941006514EE /* FourSquare */,
				2DC364A01D4B0941006514EE /* FourSquareTests */,
				2DC364AB1D4B0941006514EE /* FourSquareUITests */,
				2DC3648A1D4B0941006514EE /* Products */,
				299859F216839878E262A4D3 /* Pods */,
				80C3A3B077BFD193E2F1997D /* Frameworks */,
			);
			sourceTree = "<group>";
		};
		2DC3648A1D4B0941006514EE /* Products */ = {
			isa = PBXGroup;
			children = (
				2DC364891D4B0941006514EE /* FourSquare.app */,
				2DC3649D1D4B0941006514EE /* FourSquareTests.xctest */,
				2DC364A81D4B0941006514EE /* FourSquareUITests.xctest */,
			);
			name = Products;
			sourceTree = "<group>";
		};
		2DC3648B1D4B0941006514EE /* FourSquare */ = {
			isa = PBXGroup;
			children = (
				2DC364BA1D4B0AC8006514EE /* Controllers */,
				2DC364BB1D4B0AC8006514EE /* Define */,
				2DC364BC1D4B0AC8006514EE /* Extensions */,
				2DC364C71D4B0C69006514EE /* Info */,
				997EA6F21D62F12B00006AD8 /* Library */,
				2DC364BD1D4B0AC8006514EE /* Models */,
				2DC364BE1D4B0AC8006514EE /* Resources */,
				2DC364BF1D4B0AC8006514EE /* Services */,
				2DC364C11D4B0AC8006514EE /* Views */,
			);
			path = FourSquare;
			sourceTree = "<group>";
		};
		2DC364A01D4B0941006514EE /* FourSquareTests */ = {
			isa = PBXGroup;
			children = (
				2DC364A11D4B0941006514EE /* FourSquareTests.swift */,
				2DC364A31D4B0941006514EE /* Info.plist */,
			);
			path = FourSquareTests;
			sourceTree = "<group>";
		};
		2DC364AB1D4B0941006514EE /* FourSquareUITests */ = {
			isa = PBXGroup;
			children = (
				2DC364AC1D4B0941006514EE /* FourSquareUITests.swift */,
				2DC364AE1D4B0941006514EE /* Info.plist */,
			);
			path = FourSquareUITests;
			sourceTree = "<group>";
		};
		2DC364BA1D4B0AC8006514EE /* Controllers */ = {
			isa = PBXGroup;
			children = (
				2DC364C41D4B0BD7006514EE /* AppDelegate */,
				99EB2A1C1D4F4C980024FEF9 /* Background */,
				999165D81D52D79C00320877 /* Base */,
				991121D21D5353C1001EDBD2 /* DetailVenue */,
				99ED29231D507B8D0088FCAD /* Favorite */,
				99ED29281D508AFF0088FCAD /* History */,
				99EB2A261D4F50920024FEF9 /* Home */,
				2DC364CA1D4B0CAE006514EE /* LaunchScreen */,
				99EB2A211D4F4F970024FEF9 /* LeftSideMenu */,
				2DC364CE1D4B0DB0006514EE /* Login */,
				99FC6E911D58315900CC2B34 /* Map */,
				99AA46611D5437E0004EFCB2 /* MenuItem */,
				992A1D6D1D596BA00047B63B /* Search */,
			);
			path = Controllers;
			sourceTree = "<group>";
		};
		2DC364BB1D4B0AC8006514EE /* Define */ = {
			isa = PBXGroup;
			children = (
				2DC364E51D4B19C4006514EE /* ApiPath.swift */,
				2DC364EB1D4B335C006514EE /* Colors.swift */,
				2DC364ED1D4B3367006514EE /* Constants.swift */,
				2DC364EF1D4B3383006514EE /* Errors.swift */,
				2DC364E71D4B3344006514EE /* Keys.swift */,
				993AD65A1D518BEE00B945FA /* NotificationCenter.swift */,
				2DC364E91D4B334F006514EE /* Strings.swift */,
			);
			path = Define;
			sourceTree = "<group>";
		};
		2DC364BC1D4B0AC8006514EE /* Extensions */ = {
			isa = PBXGroup;
			children = (
				2DC364DD1D4B1881006514EE /* UIKit */,
			);
			path = Extensions;
			sourceTree = "<group>";
		};
		2DC364BD1D4B0AC8006514EE /* Models */ = {
			isa = PBXGroup;
			children = (
				9997EDE81D615DEC00E6404D /* MyLocationManager.swift */,
				997227FD1D5C10B80053E320 /* Photo.swift */,
				997EA6F01D62CF0900006AD8 /* RealmManager.swift */,
				99AB79481D71ED8700AB9029 /* User.swift */,
				99AB794A1D71F07800AB9029 /* UserAuthToken.swift */,
				99DB75231D73EB8F00CB8CBE /* UserRealmManager.swift */,
				2DC364E31D4B1922006514EE /* UserTip.swift */,
				994B95511D5ACAF10013D9E3 /* Venue.swift */,
				991DACE21D5B969D00A76A77 /* VenueCategory.swift */,
				997228031D5C38F50053E320 /* VenueContact.swift */,
				997227FF1D5C20BB0053E320 /* VenueHours.swift */,
				991DACE01D5B93DE00A76A77 /* VenueLocation.swift */,
				997227FB1D5C0EEB0053E320 /* VenuePrice.swift */,
				997228011D5C31E50053E320 /* VenueTip.swift */,
			);
			path = Models;
			sourceTree = "<group>";
		};
		2DC364BE1D4B0AC8006514EE /* Resources */ = {
			isa = PBXGroup;
			children = (
				2DC364C21D4B0B3C006514EE /* Assets.xcassets */,
			);
			path = Resources;
			sourceTree = "<group>";
		};
		2DC364BF1D4B0AC8006514EE /* Services */ = {
			isa = PBXGroup;
			children = (
				2DC364F11D4B37E8006514EE /* Core */,
				2DC364F21D4B37E8006514EE /* Modules */,
			);
			path = Services;
			sourceTree = "<group>";
		};
		2DC364C11D4B0AC8006514EE /* Views */ = {
			isa = PBXGroup;
			children = (
				2DC364E01D4B18D6006514EE /* Button */,
				992A1D721D5981580047B63B /* Marker */,
				99ED292D1D5095530088FCAD /* NavigationBar */,
			);
			path = Views;
			sourceTree = "<group>";
		};
		2DC364C41D4B0BD7006514EE /* AppDelegate */ = {
			isa = PBXGroup;
			children = (
				2DC364C51D4B0BD7006514EE /* AppDelegate.swift */,
			);
			path = AppDelegate;
			sourceTree = "<group>";
		};
		2DC364C71D4B0C69006514EE /* Info */ = {
			isa = PBXGroup;
			children = (
				2DC364C81D4B0C7C006514EE /* Info.plist */,
			);
			path = Info;
			sourceTree = "<group>";
		};
		2DC364CA1D4B0CAE006514EE /* LaunchScreen */ = {
			isa = PBXGroup;
			children = (
				2DC364CB1D4B0CAE006514EE /* LaunchScreen.storyboard */,
			);
			path = LaunchScreen;
			sourceTree = "<group>";
		};
		2DC364CE1D4B0DB0006514EE /* Login */ = {
			isa = PBXGroup;
			children = (
				2DC364D71D4B0FED006514EE /* LoginViewController.swift */,
				2DC364D81D4B0FED006514EE /* LoginViewController.xib */,
			);
			path = Login;
			sourceTree = "<group>";
		};
		2DC364DD1D4B1881006514EE /* UIKit */ = {
			isa = PBXGroup;
			children = (
				999165DC1D52E92C00320877 /* UIApplication.swift */,
				997228071D5C74130053E320 /* UIColor.swift */,
				99BE7C281D5798A300CCCBFB /* UIImage.swift */,
				2DC364DE1D4B1892006514EE /* UIScrollView.swift */,
				99F661A91D526887009A0E47 /* UIView.swift */,
			);
			path = UIKit;
			sourceTree = "<group>";
		};
		2DC364E01D4B18D6006514EE /* Button */ = {
			isa = PBXGroup;
			children = (
				2DC364E11D4B190E006514EE /* LoginButton.swift */,
			);
			path = Button;
			sourceTree = "<group>";
		};
		2DC364F11D4B37E8006514EE /* Core */ = {
			isa = PBXGroup;
			children = (
				2DC364F51D4B3830006514EE /* ApiManager.swift */,
				2DC364F91D4B3E59006514EE /* BaseService.swift */,
				2DC364F31D4B3812006514EE /* ResponseSerializer.swift */,
			);
			path = Core;
			sourceTree = "<group>";
		};
		2DC364F21D4B37E8006514EE /* Modules */ = {
			isa = PBXGroup;
			children = (
				99AF4FB71D7677CA00502F57 /* CommentService.swift */,
				991C6E621D65979E00865E4C /* GoogleDirectionsService.swift */,
				2DC364F71D4B3CB5006514EE /* LoginService.swift */,
				994B95531D5B07390013D9E3 /* VenueService.swift */,
			);
			path = Modules;
			sourceTree = "<group>";
		};
		80C3A3B077BFD193E2F1997D /* Frameworks */ = {
			isa = PBXGroup;
			children = (
				FC15CD9639F8CC4F71EE7E39 /* Pods_FourSquare.framework */,
				75E17F665F372167F28CEE7D /* Pods_FourSquareTests.framework */,
				E829FABD06C07E08A3327FBD /* Pods_FourSquareUITests.framework */,
			);
			name = Frameworks;
			sourceTree = "<group>";
		};
		990395AD1D58BDE100CBE542 /* ViewPageImageHeader */ = {
			isa = PBXGroup;
			children = (
				990395AE1D58BF8800CBE542 /* PageImageHeaderView.swift */,
				990395B01D58BFB200CBE542 /* PageImageHeaderView.xib */,
			);
			path = ViewPageImageHeader;
			sourceTree = "<group>";
		};
		991121D21D5353C1001EDBD2 /* DetailVenue */ = {
			isa = PBXGroup;
			children = (
				991121D31D535430001EDBD2 /* DetailVenueViewController.swift */,
				991121D41D535430001EDBD2 /* DetailVenueViewController.xib */,
				996DF3FC1D56430C00693216 /* CellDefault */,
				996DF3FD1D56430C00693216 /* CellForTips */,
				996DF3FE1D56430C00693216 /* CellWithMap */,
				99AA465C1D542A69004EFCB2 /* ImagePageItem */,
				99C58DC01D6A244C0003D23C /* ImagesCollectionViewHeader */,
				99A89E9F1D5707AA00429962 /* MapDetailVenue */,
				996DF3FF1D56430C00693216 /* ViewForHeader */,
				990395AD1D58BDE100CBE542 /* ViewPageImageHeader */,
				992966671D6AAF2D0031BFD9 /* ZoomImage */,
			);
			path = DetailVenue;
			sourceTree = "<group>";
		};
		992966671D6AAF2D0031BFD9 /* ZoomImage */ = {
			isa = PBXGroup;
			children = (
				992966681D6AAF440031BFD9 /* ZoomImagesViewController.swift */,
				992966691D6AAF440031BFD9 /* ZoomImagesViewController.xib */,
				9929666C1D6AB1FF0031BFD9 /* ZoomCollectionViewCell */,
			);
			path = ZoomImage;
			sourceTree = "<group>";
		};
		9929666C1D6AB1FF0031BFD9 /* ZoomCollectionViewCell */ = {
			isa = PBXGroup;
			children = (
				9929666D1D6AB2120031BFD9 /* ZoomCollectionViewCell.swift */,
				9929666E1D6AB2120031BFD9 /* ZoomCollectionViewCell.xib */,
			);
			path = ZoomCollectionViewCell;
			sourceTree = "<group>";
		};
		992A1D6D1D596BA00047B63B /* Search */ = {
			isa = PBXGroup;
			children = (
				992A1D6E1D596C0E0047B63B /* SearchVenueViewController.swift */,
				992A1D6F1D596C0E0047B63B /* SearchVenueViewController.xib */,
				992A1D781D59C6970047B63B /* OnMap */,
				992A1D791D59C6970047B63B /* OnTableView */,
			);
			path = Search;
			sourceTree = "<group>";
		};
		992A1D721D5981580047B63B /* Marker */ = {
			isa = PBXGroup;
			children = (
				992A1D731D59817A0047B63B /* MarkerMap.swift */,
			);
			path = Marker;
			sourceTree = "<group>";
		};
		992A1D781D59C6970047B63B /* OnMap */ = {
			isa = PBXGroup;
			children = (
				992A1D7E1D59C7260047B63B /* VenueSearchingMapViewController.swift */,
				992A1D7F1D59C7260047B63B /* VenueSearchingMapViewController.xib */,
			);
			path = OnMap;
			sourceTree = "<group>";
		};
		992A1D791D59C6970047B63B /* OnTableView */ = {
			isa = PBXGroup;
			children = (
				992A1D7A1D59C6DD0047B63B /* VenueSearchingViewController.swift */,
				992A1D7B1D59C6DD0047B63B /* VenueSearchingViewController.xib */,
			);
			path = OnTableView;
			sourceTree = "<group>";
		};
		993AD65C1D519F3F00B945FA /* PageBase */ = {
			isa = PBXGroup;
			children = (
				9987AA101D52F84C00AB7E6D /* MenuItemViewController.swift */,
				99F661A41D525B34009A0E47 /* VenueItemTableViewCell */,
			);
			name = PageBase;
			sourceTree = "<group>";
		};
		996DF3FC1D56430C00693216 /* CellDefault */ = {
			isa = PBXGroup;
			children = (
				996DF4041D56473C00693216 /* DefaultVenueDetailCell.swift */,
				996DF4051D56473C00693216 /* DefaultVenueDetailCell.xib */,
			);
			path = CellDefault;
			sourceTree = "<group>";
		};
		996DF3FD1D56430C00693216 /* CellForTips */ = {
			isa = PBXGroup;
			children = (
				996DF4081D564B9700693216 /* TipsDetailVenueCell.swift */,
				996DF4091D564B9700693216 /* TipsDetailVenueCell.xib */,
			);
			path = CellForTips;
			sourceTree = "<group>";
		};
		996DF3FE1D56430C00693216 /* CellWithMap */ = {
			isa = PBXGroup;
			children = (
				996DF40C1D56520B00693216 /* MapDetailVenueCell.swift */,
				996DF40D1D56520B00693216 /* MapDetailVenueCell.xib */,
			);
			path = CellWithMap;
			sourceTree = "<group>";
		};
		996DF3FF1D56430C00693216 /* ViewForHeader */ = {
			isa = PBXGroup;
			children = (
				996DF4001D56461100693216 /* ViewHeaderVenueDetail.swift */,
				996DF4021D56462300693216 /* ViewHeaderVenueDetail.xib */,
			);
			path = ViewForHeader;
			sourceTree = "<group>";
		};
		997EA6F21D62F12B00006AD8 /* Library */ = {
			isa = PBXGroup;
			children = (
				997EA6F31D62F14C00006AD8 /* ListTransform.swift */,
			);
			path = Library;
			sourceTree = "<group>";
		};
		999165D81D52D79C00320877 /* Base */ = {
			isa = PBXGroup;
			children = (
				999165D91D52D7AF00320877 /* BaseViewController.swift */,
				993AD65C1D519F3F00B945FA /* PageBase */,
			);
			name = Base;
			sourceTree = "<group>";
		};
		99A89E9F1D5707AA00429962 /* MapDetailVenue */ = {
			isa = PBXGroup;
			children = (
				99A89EA01D5707FE00429962 /* MapDetailVenueViewController.swift */,
				99A89EA11D5707FE00429962 /* MapDetailVenueViewController.xib */,
			);
			path = MapDetailVenue;
			sourceTree = "<group>";
		};
		99AA465C1D542A69004EFCB2 /* ImagePageItem */ = {
			isa = PBXGroup;
			children = (
				99AA465D1D542A8F004EFCB2 /* ImagePageItemViewController.swift */,
				99AA465E1D542A8F004EFCB2 /* ImagePageItemViewController.xib */,
			);
			path = ImagePageItem;
			sourceTree = "<group>";
		};
		99AA46611D5437E0004EFCB2 /* MenuItem */ = {
			isa = PBXGroup;
			children = (
				99C580EB1D54F2F30095EE7F /* Arts */,
				99C580EC1D54F2F30095EE7F /* Coffee */,
				99C580ED1D54F2F30095EE7F /* Drinks */,
				99C580EE1D54F2F30095EE7F /* Food */,
				99C580EF1D54F2F30095EE7F /* Outdoors */,
				99C580F01D54F2F30095EE7F /* Shops */,
				99C580F11D54F2F30095EE7F /* Sights */,
				99C580F21D54F2F30095EE7F /* TopPicks */,
				99C580F31D54F2F30095EE7F /* Trending */,
			);
			path = MenuItem;
			sourceTree = "<group>";
		};
		99C580EB1D54F2F30095EE7F /* Arts */ = {
			isa = PBXGroup;
			children = (
				99C5810A1D54FE9C0095EE7F /* ArtsViewController.swift */,
				99C5810B1D54FE9C0095EE7F /* ArtsViewController.xib */,
			);
			path = Arts;
			sourceTree = "<group>";
		};
		99C580EC1D54F2F30095EE7F /* Coffee */ = {
			isa = PBXGroup;
			children = (
				99C5810E1D54FED30095EE7F /* CoffeeViewController.swift */,
				99C5810F1D54FED30095EE7F /* CoffeeViewController.xib */,
			);
			path = Coffee;
			sourceTree = "<group>";
		};
		99C580ED1D54F2F30095EE7F /* Drinks */ = {
			isa = PBXGroup;
			children = (
				99C581121D54FF2E0095EE7F /* DrinksViewController.swift */,
				99C581131D54FF2E0095EE7F /* DrinksViewController.xib */,
			);
			path = Drinks;
			sourceTree = "<group>";
		};
		99C580EE1D54F2F30095EE7F /* Food */ = {
			isa = PBXGroup;
			children = (
				99C581161D5500B60095EE7F /* FoodViewController.swift */,
				99C581171D5500B60095EE7F /* FoodViewController.xib */,
			);
			path = Food;
			sourceTree = "<group>";
		};
		99C580EF1D54F2F30095EE7F /* Outdoors */ = {
			isa = PBXGroup;
			children = (
				99C5811A1D5500D20095EE7F /* OutdoorsViewController.swift */,
				99C5811B1D5500D20095EE7F /* OutdoorsViewController.xib */,
			);
			path = Outdoors;
			sourceTree = "<group>";
		};
		99C580F01D54F2F30095EE7F /* Shops */ = {
			isa = PBXGroup;
			children = (
				99C5811E1D5500ED0095EE7F /* ShopsViewController.swift */,
				99C5811F1D5500ED0095EE7F /* ShopsViewController.xib */,
			);
			path = Shops;
			sourceTree = "<group>";
		};
		99C580F11D54F2F30095EE7F /* Sights */ = {
			isa = PBXGroup;
			children = (
				99C581221D5501070095EE7F /* SightsViewController.swift */,
				99C581231D5501070095EE7F /* SightsViewController.xib */,
			);
			path = Sights;
			sourceTree = "<group>";
		};
		99C580F21D54F2F30095EE7F /* TopPicks */ = {
			isa = PBXGroup;
			children = (
				99C581061D54FD180095EE7F /* TopPicksViewController.swift */,
				99C581071D54FD180095EE7F /* TopPicksViewController.xib */,
			);
			path = TopPicks;
			sourceTree = "<group>";
		};
		99C580F31D54F2F30095EE7F /* Trending */ = {
			isa = PBXGroup;
			children = (
				99C581261D5501240095EE7F /* TrendingViewController.swift */,
				99C581271D5501240095EE7F /* TrendingViewController.xib */,
			);
			path = Trending;
			sourceTree = "<group>";
		};
		99C58DC01D6A244C0003D23C /* ImagesCollectionViewHeader */ = {
			isa = PBXGroup;
			children = (
				99C58DC11D6A24810003D23C /* ImagesCollectionViewHeader.swift */,
				99C58DC31D6A248A0003D23C /* ImagesCollectionViewHeader.xib */,
				99C58DC51D6A27F30003D23C /* ImagesCollectionViewCell */,
			);
			path = ImagesCollectionViewHeader;
			sourceTree = "<group>";
		};
		99C58DC51D6A27F30003D23C /* ImagesCollectionViewCell */ = {
			isa = PBXGroup;
			children = (
				99C58DC61D6A280B0003D23C /* ImagesCollectionViewCell.swift */,
				99C58DC71D6A280B0003D23C /* ImagesCollectionViewCell.xib */,
			);
			path = ImagesCollectionViewCell;
			sourceTree = "<group>";
		};
		99DB75251D74215E00CB8CBE /* UserCell */ = {
			isa = PBXGroup;
			children = (
				99DB75261D7421E800CB8CBE /* LogoutTableViewCell.swift */,
				99DB75271D7421E800CB8CBE /* LogoutTableViewCell.xib */,
			);
			name = UserCell;
			path = LeftSideMenu/UserCell;
			sourceTree = "<group>";
		};
		99EB2A1C1D4F4C980024FEF9 /* Background */ = {
			isa = PBXGroup;
			children = (
				99EB2A1D1D4F4CCB0024FEF9 /* BackgroundViewController.swift */,
				99EB2A1E1D4F4CCB0024FEF9 /* BackgroundViewController.xib */,
			);
			name = Background;
			sourceTree = "<group>";
		};
		99EB2A211D4F4F970024FEF9 /* LeftSideMenu */ = {
			isa = PBXGroup;
			children = (
				99EB2A221D4F4FC60024FEF9 /* LeftSideMenuViewController.swift */,
				99EB2A231D4F4FC60024FEF9 /* LeftSideMenuViewController.xib */,
				99ED29061D502C180088FCAD /* CustomCellSectionMainMenu */,
				99ED290F1D5031600088FCAD /* CustomCellSectionMenuItems */,
				99DB75251D74215E00CB8CBE /* UserCell */,
				99ED29181D5055B50088FCAD /* ViewForHeaderMenuItems */,
			);
			name = LeftSideMenu;
			sourceTree = "<group>";
		};
		99EB2A261D4F50920024FEF9 /* Home */ = {
			isa = PBXGroup;
			children = (
				99EB2A271D4F50B20024FEF9 /* HomeViewController.swift */,
				9956F3E71D54906D00748882 /* HomeViewController.xib */,
			);
			name = Home;
			sourceTree = "<group>";
		};
		99ED29061D502C180088FCAD /* CustomCellSectionMainMenu */ = {
			isa = PBXGroup;
			children = (
				99ED290B1D502CC80088FCAD /* CustomMainMenuTableViewCell.swift */,
				99ED290C1D502CC80088FCAD /* CustomMainMenuTableViewCell.xib */,
			);
			name = CustomCellSectionMainMenu;
			sourceTree = "<group>";
		};
		99ED290F1D5031600088FCAD /* CustomCellSectionMenuItems */ = {
			isa = PBXGroup;
			children = (
				99ED29101D5031960088FCAD /* CustomMenuItemsTableViewCell.swift */,
				99ED29111D5031960088FCAD /* CustomMenuItemsTableViewCell.xib */,
			);
			name = CustomCellSectionMenuItems;
			sourceTree = "<group>";
		};
		99ED29181D5055B50088FCAD /* ViewForHeaderMenuItems */ = {
			isa = PBXGroup;
			children = (
				99ED291D1D5058980088FCAD /* ViewForHeaderMenuItems.swift */,
				99ED291F1D5058A90088FCAD /* ViewForHeaderMenuItems.xib */,
			);
			name = ViewForHeaderMenuItems;
			sourceTree = "<group>";
		};
		99ED29231D507B8D0088FCAD /* Favorite */ = {
			isa = PBXGroup;
			children = (
				99ED29241D507BB80088FCAD /* FavoriteViewController.swift */,
				99ED29251D507BB80088FCAD /* FavoriteViewController.xib */,
			);
			name = Favorite;
			sourceTree = "<group>";
		};
		99ED29281D508AFF0088FCAD /* History */ = {
			isa = PBXGroup;
			children = (
				99ED29291D508B550088FCAD /* HistoryViewController.swift */,
				99ED292A1D508B550088FCAD /* HistoryViewController.xib */,
			);
			name = History;
			sourceTree = "<group>";
		};
		99ED292D1D5095530088FCAD /* NavigationBar */ = {
			isa = PBXGroup;
			children = (
				99ED292E1D5097470088FCAD /* NavigationBar.swift */,
			);
			name = NavigationBar;
			sourceTree = "<group>";
		};
		99F661A41D525B34009A0E47 /* VenueItemTableViewCell */ = {
			isa = PBXGroup;
			children = (
				9987AA0C1D52F83C00AB7E6D /* VenueItemTableViewCell.swift */,
				9987AA0D1D52F83C00AB7E6D /* VenueItemTableViewCell.xib */,
			);
			name = VenueItemTableViewCell;
			sourceTree = "<group>";
		};
		99FC6E911D58315900CC2B34 /* Map */ = {
			isa = PBXGroup;
			children = (
				99FC6E921D5831C600CC2B34 /* MapViewController.swift */,
				99FC6E931D5831C600CC2B34 /* MapViewController.xib */,
				99FC6E961D5846DA00CC2B34 /* VenueCollectionViewCell */,
			);
			path = Map;
			sourceTree = "<group>";
		};
		99FC6E961D5846DA00CC2B34 /* VenueCollectionViewCell */ = {
			isa = PBXGroup;
			children = (
				99FC6E971D58470900CC2B34 /* VenueCollectionViewCell.swift */,
				99FC6E981D58470900CC2B34 /* VenueCollectionViewCell.xib */,
			);
			path = VenueCollectionViewCell;
			sourceTree = "<group>";
		};
/* End PBXGroup section */

/* Begin PBXNativeTarget section */
		2DC364881D4B0941006514EE /* FourSquare */ = {
			isa = PBXNativeTarget;
			buildConfigurationList = 2DC364B11D4B0941006514EE /* Build configuration list for PBXNativeTarget "FourSquare" */;
			buildPhases = (
				1DDCDDE7349725E2BCD4FDF1 /* [CP] Check Pods Manifest.lock */,
				2DC364851D4B0941006514EE /* Sources */,
				2DC364861D4B0941006514EE /* Frameworks */,
				2DC364871D4B0941006514EE /* Resources */,
				2DC364DC1D4B17ED006514EE /* Swiftlint */,
				1010F7D7DC12B9F85F3B1970 /* [CP] Embed Pods Frameworks */,
				DD63CC7388E335FA73C046B7 /* [CP] Copy Pods Resources */,
			);
			buildRules = (
			);
			dependencies = (
			);
			name = FourSquare;
			productName = FourSquare;
			productReference = 2DC364891D4B0941006514EE /* FourSquare.app */;
			productType = "com.apple.product-type.application";
		};
		2DC3649C1D4B0941006514EE /* FourSquareTests */ = {
			isa = PBXNativeTarget;
			buildConfigurationList = 2DC364B41D4B0941006514EE /* Build configuration list for PBXNativeTarget "FourSquareTests" */;
			buildPhases = (
				1E113A7476BAF92530705BF3 /* [CP] Check Pods Manifest.lock */,
				2DC364991D4B0941006514EE /* Sources */,
				2DC3649A1D4B0941006514EE /* Frameworks */,
				2DC3649B1D4B0941006514EE /* Resources */,
				12D2C9FBEB0F2B88D66F2F7C /* [CP] Embed Pods Frameworks */,
				52FC8BBCB7934F58CB837B52 /* [CP] Copy Pods Resources */,
			);
			buildRules = (
			);
			dependencies = (
				2DC3649F1D4B0941006514EE /* PBXTargetDependency */,
			);
			name = FourSquareTests;
			productName = FourSquareTests;
			productReference = 2DC3649D1D4B0941006514EE /* FourSquareTests.xctest */;
			productType = "com.apple.product-type.bundle.unit-test";
		};
		2DC364A71D4B0941006514EE /* FourSquareUITests */ = {
			isa = PBXNativeTarget;
			buildConfigurationList = 2DC364B71D4B0941006514EE /* Build configuration list for PBXNativeTarget "FourSquareUITests" */;
			buildPhases = (
				F6F1C6139C1B03C3C4332B16 /* [CP] Check Pods Manifest.lock */,
				2DC364A41D4B0941006514EE /* Sources */,
				2DC364A51D4B0941006514EE /* Frameworks */,
				2DC364A61D4B0941006514EE /* Resources */,
				FE5AA7A50873444B660E5ED9 /* [CP] Copy Pods Resources */,
			);
			buildRules = (
			);
			dependencies = (
				2DC364AA1D4B0941006514EE /* PBXTargetDependency */,
			);
			name = FourSquareUITests;
			productName = FourSquareUITests;
			productReference = 2DC364A81D4B0941006514EE /* FourSquareUITests.xctest */;
			productType = "com.apple.product-type.bundle.ui-testing";
		};
/* End PBXNativeTarget section */

/* Begin PBXProject section */
		2DC364811D4B0941006514EE /* Project object */ = {
			isa = PBXProject;
			attributes = {
				LastSwiftUpdateCheck = 0730;
				LastUpgradeCheck = 0730;
				ORGANIZATIONNAME = "Le Van Binh";
				TargetAttributes = {
					2DC364881D4B0941006514EE = {
						CreatedOnToolsVersion = 7.3;
						DevelopmentTeam = W6VWBYHU5C;
					};
					2DC3649C1D4B0941006514EE = {
						CreatedOnToolsVersion = 7.3;
						TestTargetID = 2DC364881D4B0941006514EE;
					};
					2DC364A71D4B0941006514EE = {
						CreatedOnToolsVersion = 7.3;
						TestTargetID = 2DC364881D4B0941006514EE;
					};
				};
			};
			buildConfigurationList = 2DC364841D4B0941006514EE /* Build configuration list for PBXProject "FourSquare" */;
			compatibilityVersion = "Xcode 3.2";
			developmentRegion = English;
			hasScannedForEncodings = 0;
			knownRegions = (
				en,
				Base,
			);
			mainGroup = 2DC364801D4B0941006514EE;
			productRefGroup = 2DC3648A1D4B0941006514EE /* Products */;
			projectDirPath = "";
			projectRoot = "";
			targets = (
				2DC364881D4B0941006514EE /* FourSquare */,
				2DC3649C1D4B0941006514EE /* FourSquareTests */,
				2DC364A71D4B0941006514EE /* FourSquareUITests */,
			);
		};
/* End PBXProject section */

/* Begin PBXResourcesBuildPhase section */
		2DC364871D4B0941006514EE /* Resources */ = {
			isa = PBXResourcesBuildPhase;
			buildActionMask = 2147483647;
			files = (
				99ED290E1D502CC80088FCAD /* CustomMainMenuTableViewCell.xib in Resources */,
				99C5811D1D5500D20095EE7F /* OutdoorsViewController.xib in Resources */,
				99C581251D5501070095EE7F /* SightsViewController.xib in Resources */,
				99DB75291D7421E800CB8CBE /* LogoutTableViewCell.xib in Resources */,
				9987AA0F1D52F83C00AB7E6D /* VenueItemTableViewCell.xib in Resources */,
				99ED29201D5058A90088FCAD /* ViewForHeaderMenuItems.xib in Resources */,
				99A89EA31D5707FE00429962 /* MapDetailVenueViewController.xib in Resources */,
				996DF40B1D564B9700693216 /* TipsDetailVenueCell.xib in Resources */,
				99C581291D5501240095EE7F /* TrendingViewController.xib in Resources */,
				99C581151D54FF2E0095EE7F /* DrinksViewController.xib in Resources */,
				99EB2A201D4F4CCB0024FEF9 /* BackgroundViewController.xib in Resources */,
				99C581111D54FED30095EE7F /* CoffeeViewController.xib in Resources */,
				99C5810D1D54FE9C0095EE7F /* ArtsViewController.xib in Resources */,
				990395B11D58BFB200CBE542 /* PageImageHeaderView.xib in Resources */,
				996DF4071D56473C00693216 /* DefaultVenueDetailCell.xib in Resources */,
				99FC6E951D5831C600CC2B34 /* MapViewController.xib in Resources */,
				2DC364DB1D4B1741006514EE /* Info.plist in Resources */,
				991121D61D535430001EDBD2 /* DetailVenueViewController.xib in Resources */,
				9929666B1D6AAF440031BFD9 /* ZoomImagesViewController.xib in Resources */,
				992A1D711D596C0E0047B63B /* SearchVenueViewController.xib in Resources */,
				2DC364DA1D4B0FED006514EE /* LoginViewController.xib in Resources */,
				99C581091D54FD180095EE7F /* TopPicksViewController.xib in Resources */,
				992A1D7D1D59C6DD0047B63B /* VenueSearchingViewController.xib in Resources */,
				99C58DC91D6A280B0003D23C /* ImagesCollectionViewCell.xib in Resources */,
				99EB2A251D4F4FC60024FEF9 /* LeftSideMenuViewController.xib in Resources */,
				99ED29131D5031960088FCAD /* CustomMenuItemsTableViewCell.xib in Resources */,
				992A1D811D59C7260047B63B /* VenueSearchingMapViewController.xib in Resources */,
				996DF4031D56462300693216 /* ViewHeaderVenueDetail.xib in Resources */,
				99C58DC41D6A248A0003D23C /* ImagesCollectionViewHeader.xib in Resources */,
				99ED29271D507BB80088FCAD /* FavoriteViewController.xib in Resources */,
				2DC364CC1D4B0CAE006514EE /* LaunchScreen.storyboard in Resources */,
				99C581211D5500ED0095EE7F /* ShopsViewController.xib in Resources */,
				2DC364C31D4B0B3C006514EE /* Assets.xcassets in Resources */,
				99AA46601D542A8F004EFCB2 /* ImagePageItemViewController.xib in Resources */,
				99ED292C1D508B550088FCAD /* HistoryViewController.xib in Resources */,
				99C581191D5500B60095EE7F /* FoodViewController.xib in Resources */,
				9956F3E81D54906D00748882 /* HomeViewController.xib in Resources */,
				992966701D6AB2120031BFD9 /* ZoomCollectionViewCell.xib in Resources */,
				996DF40F1D56520B00693216 /* MapDetailVenueCell.xib in Resources */,
				99FC6E9A1D58470900CC2B34 /* VenueCollectionViewCell.xib in Resources */,
			);
			runOnlyForDeploymentPostprocessing = 0;
		};
		2DC3649B1D4B0941006514EE /* Resources */ = {
			isa = PBXResourcesBuildPhase;
			buildActionMask = 2147483647;
			files = (
			);
			runOnlyForDeploymentPostprocessing = 0;
		};
		2DC364A61D4B0941006514EE /* Resources */ = {
			isa = PBXResourcesBuildPhase;
			buildActionMask = 2147483647;
			files = (
			);
			runOnlyForDeploymentPostprocessing = 0;
		};
/* End PBXResourcesBuildPhase section */

/* Begin PBXShellScriptBuildPhase section */
		1010F7D7DC12B9F85F3B1970 /* [CP] Embed Pods Frameworks */ = {
			isa = PBXShellScriptBuildPhase;
			buildActionMask = 2147483647;
			files = (
			);
			inputPaths = (
			);
			name = "[CP] Embed Pods Frameworks";
			outputPaths = (
			);
			runOnlyForDeploymentPostprocessing = 0;
			shellPath = /bin/sh;
			shellScript = "\"${SRCROOT}/Pods/Target Support Files/Pods-FourSquare/Pods-FourSquare-frameworks.sh\"\n";
			showEnvVarsInLog = 0;
		};
		12D2C9FBEB0F2B88D66F2F7C /* [CP] Embed Pods Frameworks */ = {
			isa = PBXShellScriptBuildPhase;
			buildActionMask = 2147483647;
			files = (
			);
			inputPaths = (
			);
			name = "[CP] Embed Pods Frameworks";
			outputPaths = (
			);
			runOnlyForDeploymentPostprocessing = 0;
			shellPath = /bin/sh;
			shellScript = "\"${SRCROOT}/Pods/Target Support Files/Pods-FourSquareTests/Pods-FourSquareTests-frameworks.sh\"\n";
			showEnvVarsInLog = 0;
		};
		1DDCDDE7349725E2BCD4FDF1 /* [CP] Check Pods Manifest.lock */ = {
			isa = PBXShellScriptBuildPhase;
			buildActionMask = 2147483647;
			files = (
			);
			inputPaths = (
			);
			name = "[CP] Check Pods Manifest.lock";
			outputPaths = (
			);
			runOnlyForDeploymentPostprocessing = 0;
			shellPath = /bin/sh;
			shellScript = "diff \"${PODS_ROOT}/../Podfile.lock\" \"${PODS_ROOT}/Manifest.lock\" > /dev/null\nif [[ $? != 0 ]] ; then\n    cat << EOM\nerror: The sandbox is not in sync with the Podfile.lock. Run 'pod install' or update your CocoaPods installation.\nEOM\n    exit 1\nfi\n";
			showEnvVarsInLog = 0;
		};
		1E113A7476BAF92530705BF3 /* [CP] Check Pods Manifest.lock */ = {
			isa = PBXShellScriptBuildPhase;
			buildActionMask = 2147483647;
			files = (
			);
			inputPaths = (
			);
			name = "[CP] Check Pods Manifest.lock";
			outputPaths = (
			);
			runOnlyForDeploymentPostprocessing = 0;
			shellPath = /bin/sh;
			shellScript = "diff \"${PODS_ROOT}/../Podfile.lock\" \"${PODS_ROOT}/Manifest.lock\" > /dev/null\nif [[ $? != 0 ]] ; then\n    cat << EOM\nerror: The sandbox is not in sync with the Podfile.lock. Run 'pod install' or update your CocoaPods installation.\nEOM\n    exit 1\nfi\n";
			showEnvVarsInLog = 0;
		};
		2DC364DC1D4B17ED006514EE /* Swiftlint */ = {
			isa = PBXShellScriptBuildPhase;
			buildActionMask = 2147483647;
			files = (
			);
			inputPaths = (
			);
			name = Swiftlint;
			outputPaths = (
			);
			runOnlyForDeploymentPostprocessing = 0;
			shellPath = /bin/sh;
			shellScript = "if which swiftlint >/dev/null; then\ncd \"${PROJECT_DIR}\"\necho pwd\nswiftlint\nelse\necho \"warning: SwiftLint not installed, download from https://github.com/realm/SwiftLint\"\nfi";
		};
		52FC8BBCB7934F58CB837B52 /* [CP] Copy Pods Resources */ = {
			isa = PBXShellScriptBuildPhase;
			buildActionMask = 2147483647;
			files = (
			);
			inputPaths = (
			);
			name = "[CP] Copy Pods Resources";
			outputPaths = (
			);
			runOnlyForDeploymentPostprocessing = 0;
			shellPath = /bin/sh;
			shellScript = "\"${SRCROOT}/Pods/Target Support Files/Pods-FourSquareTests/Pods-FourSquareTests-resources.sh\"\n";
			showEnvVarsInLog = 0;
		};
		DD63CC7388E335FA73C046B7 /* [CP] Copy Pods Resources */ = {
			isa = PBXShellScriptBuildPhase;
			buildActionMask = 2147483647;
			files = (
			);
			inputPaths = (
			);
			name = "[CP] Copy Pods Resources";
			outputPaths = (
			);
			runOnlyForDeploymentPostprocessing = 0;
			shellPath = /bin/sh;
			shellScript = "\"${SRCROOT}/Pods/Target Support Files/Pods-FourSquare/Pods-FourSquare-resources.sh\"\n";
			showEnvVarsInLog = 0;
		};
		F6F1C6139C1B03C3C4332B16 /* [CP] Check Pods Manifest.lock */ = {
			isa = PBXShellScriptBuildPhase;
			buildActionMask = 2147483647;
			files = (
			);
			inputPaths = (
			);
			name = "[CP] Check Pods Manifest.lock";
			outputPaths = (
			);
			runOnlyForDeploymentPostprocessing = 0;
			shellPath = /bin/sh;
			shellScript = "diff \"${PODS_ROOT}/../Podfile.lock\" \"${PODS_ROOT}/Manifest.lock\" > /dev/null\nif [[ $? != 0 ]] ; then\n    cat << EOM\nerror: The sandbox is not in sync with the Podfile.lock. Run 'pod install' or update your CocoaPods installation.\nEOM\n    exit 1\nfi\n";
			showEnvVarsInLog = 0;
		};
		FE5AA7A50873444B660E5ED9 /* [CP] Copy Pods Resources */ = {
			isa = PBXShellScriptBuildPhase;
			buildActionMask = 2147483647;
			files = (
			);
			inputPaths = (
			);
			name = "[CP] Copy Pods Resources";
			outputPaths = (
			);
			runOnlyForDeploymentPostprocessing = 0;
			shellPath = /bin/sh;
			shellScript = "\"${SRCROOT}/Pods/Target Support Files/Pods-FourSquareUITests/Pods-FourSquareUITests-resources.sh\"\n";
			showEnvVarsInLog = 0;
		};
/* End PBXShellScriptBuildPhase section */

/* Begin PBXSourcesBuildPhase section */
		2DC364851D4B0941006514EE /* Sources */ = {
			isa = PBXSourcesBuildPhase;
			buildActionMask = 2147483647;
			files = (
				999165DD1D52E92C00320877 /* UIApplication.swift in Sources */,
				99ED29261D507BB80088FCAD /* FavoriteViewController.swift in Sources */,
				2DC364DF1D4B1892006514EE /* UIScrollView.swift in Sources */,
				99C581081D54FD180095EE7F /* TopPicksViewController.swift in Sources */,
				99BE7C291D5798A300CCCBFB /* UIImage.swift in Sources */,
				997228081D5C74130053E320 /* UIColor.swift in Sources */,
				2DC364EC1D4B335C006514EE /* Colors.swift in Sources */,
				2DC364E21D4B190E006514EE /* LoginButton.swift in Sources */,
				992A1D801D59C7260047B63B /* VenueSearchingMapViewController.swift in Sources */,
				2DC364F01D4B3383006514EE /* Errors.swift in Sources */,
				99ED292F1D5097470088FCAD /* NavigationBar.swift in Sources */,
				2DC364EA1D4B334F006514EE /* Strings.swift in Sources */,
				99EB2A291D4F50B20024FEF9 /* HomeViewController.swift in Sources */,
				992A1D701D596C0E0047B63B /* SearchVenueViewController.swift in Sources */,
				99C5810C1D54FE9C0095EE7F /* ArtsViewController.swift in Sources */,
				99ED29121D5031960088FCAD /* CustomMenuItemsTableViewCell.swift in Sources */,
				993AD65B1D518BEE00B945FA /* NotificationCenter.swift in Sources */,
				99C581201D5500ED0095EE7F /* ShopsViewController.swift in Sources */,
				99C581241D5501070095EE7F /* SightsViewController.swift in Sources */,
				99ED291E1D5058980088FCAD /* ViewForHeaderMenuItems.swift in Sources */,
				2DC364D91D4B0FED006514EE /* LoginViewController.swift in Sources */,
				99C581141D54FF2E0095EE7F /* DrinksViewController.swift in Sources */,
				996DF40E1D56520B00693216 /* MapDetailVenueCell.swift in Sources */,
				991DACE31D5B969D00A76A77 /* VenueCategory.swift in Sources */,
				99ED290D1D502CC80088FCAD /* CustomMainMenuTableViewCell.swift in Sources */,
				997228021D5C31E50053E320 /* VenueTip.swift in Sources */,
				9929666A1D6AAF440031BFD9 /* ZoomImagesViewController.swift in Sources */,
				997228041D5C38F50053E320 /* VenueContact.swift in Sources */,
				2DC364EE1D4B3367006514EE /* Constants.swift in Sources */,
				2DC364E61D4B19C4006514EE /* ApiPath.swift in Sources */,
				99C581181D5500B60095EE7F /* FoodViewController.swift in Sources */,
				994B95521D5ACAF10013D9E3 /* Venue.swift in Sources */,
				990395AF1D58BF8800CBE542 /* PageImageHeaderView.swift in Sources */,
				99EB2A1F1D4F4CCB0024FEF9 /* BackgroundViewController.swift in Sources */,
				2DC364FA1D4B3E59006514EE /* BaseService.swift in Sources */,
				99ED292B1D508B550088FCAD /* HistoryViewController.swift in Sources */,
				997EA6F11D62CF0900006AD8 /* RealmManager.swift in Sources */,
				2DC364F61D4B3830006514EE /* ApiManager.swift in Sources */,
				2DC364F41D4B3812006514EE /* ResponseSerializer.swift in Sources */,
				9987AA121D52F84C00AB7E6D /* MenuItemViewController.swift in Sources */,
				99C5811C1D5500D20095EE7F /* OutdoorsViewController.swift in Sources */,
				99AF4FB81D7677CA00502F57 /* CommentService.swift in Sources */,
				99FC6E941D5831C600CC2B34 /* MapViewController.swift in Sources */,
				2DC364E81D4B3344006514EE /* Keys.swift in Sources */,
				9929666F1D6AB2120031BFD9 /* ZoomCollectionViewCell.swift in Sources */,
				9997EDE91D615DED00E6404D /* MyLocationManager.swift in Sources */,
				996DF40A1D564B9700693216 /* TipsDetailVenueCell.swift in Sources */,
				992A1D7C1D59C6DD0047B63B /* VenueSearchingViewController.swift in Sources */,
				2DC364E41D4B1922006514EE /* UserTip.swift in Sources */,
				991C6E631D65979E00865E4C /* GoogleDirectionsService.swift in Sources */,
				994B95541D5B07390013D9E3 /* VenueService.swift in Sources */,
				996DF4061D56473C00693216 /* DefaultVenueDetailCell.swift in Sources */,
				99DB75241D73EB8F00CB8CBE /* UserRealmManager.swift in Sources */,
				99A89EA21D5707FE00429962 /* MapDetailVenueViewController.swift in Sources */,
				997228001D5C20BB0053E320 /* VenueHours.swift in Sources */,
				991121D51D535430001EDBD2 /* DetailVenueViewController.swift in Sources */,
				99FC6E991D58470900CC2B34 /* VenueCollectionViewCell.swift in Sources */,
				2DC364C61D4B0BD7006514EE /* AppDelegate.swift in Sources */,
				99EB2A241D4F4FC60024FEF9 /* LeftSideMenuViewController.swift in Sources */,
				9987AA0E1D52F83C00AB7E6D /* VenueItemTableViewCell.swift in Sources */,
				992A1D741D59817A0047B63B /* MarkerMap.swift in Sources */,
				997227FC1D5C0EEB0053E320 /* VenuePrice.swift in Sources */,
				997EA6F41D62F14C00006AD8 /* ListTransform.swift in Sources */,
				99AB79491D71ED8700AB9029 /* User.swift in Sources */,
				99C58DC21D6A24810003D23C /* ImagesCollectionViewHeader.swift in Sources */,
				99C581281D5501240095EE7F /* TrendingViewController.swift in Sources */,
				99AB794B1D71F07800AB9029 /* UserAuthToken.swift in Sources */,
				99C581101D54FED30095EE7F /* CoffeeViewController.swift in Sources */,
				99F661AA1D526887009A0E47 /* UIView.swift in Sources */,
				997227FE1D5C10B80053E320 /* Photo.swift in Sources */,
				991DACE11D5B93DE00A76A77 /* VenueLocation.swift in Sources */,
				2DC364F81D4B3CB5006514EE /* LoginService.swift in Sources */,
				99DB75281D7421E800CB8CBE /* LogoutTableViewCell.swift in Sources */,
				99AA465F1D542A8F004EFCB2 /* ImagePageItemViewController.swift in Sources */,
				996DF4011D56461100693216 /* ViewHeaderVenueDetail.swift in Sources */,
				99C58DC81D6A280B0003D23C /* ImagesCollectionViewCell.swift in Sources */,
				999165DA1D52D7AF00320877 /* BaseViewController.swift in Sources */,
			);
			runOnlyForDeploymentPostprocessing = 0;
		};
		2DC364991D4B0941006514EE /* Sources */ = {
			isa = PBXSourcesBuildPhase;
			buildActionMask = 2147483647;
			files = (
				2DC364A21D4B0941006514EE /* FourSquareTests.swift in Sources */,
			);
			runOnlyForDeploymentPostprocessing = 0;
		};
		2DC364A41D4B0941006514EE /* Sources */ = {
			isa = PBXSourcesBuildPhase;
			buildActionMask = 2147483647;
			files = (
				2DC364AD1D4B0941006514EE /* FourSquareUITests.swift in Sources */,
			);
			runOnlyForDeploymentPostprocessing = 0;
		};
/* End PBXSourcesBuildPhase section */

/* Begin PBXTargetDependency section */
		2DC3649F1D4B0941006514EE /* PBXTargetDependency */ = {
			isa = PBXTargetDependency;
			target = 2DC364881D4B0941006514EE /* FourSquare */;
			targetProxy = 2DC3649E1D4B0941006514EE /* PBXContainerItemProxy */;
		};
		2DC364AA1D4B0941006514EE /* PBXTargetDependency */ = {
			isa = PBXTargetDependency;
			target = 2DC364881D4B0941006514EE /* FourSquare */;
			targetProxy = 2DC364A91D4B0941006514EE /* PBXContainerItemProxy */;
		};
/* End PBXTargetDependency section */

/* Begin XCBuildConfiguration section */
		2DC364AF1D4B0941006514EE /* Debug */ = {
			isa = XCBuildConfiguration;
			buildSettings = {
				ALWAYS_SEARCH_USER_PATHS = NO;
				CLANG_ANALYZER_NONNULL = YES;
				CLANG_CXX_LANGUAGE_STANDARD = "gnu++0x";
				CLANG_CXX_LIBRARY = "libc++";
				CLANG_ENABLE_MODULES = YES;
				CLANG_ENABLE_OBJC_ARC = YES;
				CLANG_WARN_BOOL_CONVERSION = YES;
				CLANG_WARN_CONSTANT_CONVERSION = YES;
				CLANG_WARN_DIRECT_OBJC_ISA_USAGE = YES_ERROR;
				CLANG_WARN_EMPTY_BODY = YES;
				CLANG_WARN_ENUM_CONVERSION = YES;
				CLANG_WARN_INT_CONVERSION = YES;
				CLANG_WARN_OBJC_ROOT_CLASS = YES_ERROR;
				CLANG_WARN_UNREACHABLE_CODE = YES;
				CLANG_WARN__DUPLICATE_METHOD_MATCH = YES;
				"CODE_SIGN_IDENTITY[sdk=iphoneos*]" = "iPhone Developer";
				COPY_PHASE_STRIP = NO;
				DEBUG_INFORMATION_FORMAT = dwarf;
				ENABLE_STRICT_OBJC_MSGSEND = YES;
				ENABLE_TESTABILITY = YES;
				GCC_C_LANGUAGE_STANDARD = gnu99;
				GCC_DYNAMIC_NO_PIC = NO;
				GCC_NO_COMMON_BLOCKS = YES;
				GCC_OPTIMIZATION_LEVEL = 0;
				GCC_PREPROCESSOR_DEFINITIONS = (
					"DEBUG=1",
					"$(inherited)",
				);
				GCC_WARN_64_TO_32_BIT_CONVERSION = YES;
				GCC_WARN_ABOUT_RETURN_TYPE = YES_ERROR;
				GCC_WARN_UNDECLARED_SELECTOR = YES;
				GCC_WARN_UNINITIALIZED_AUTOS = YES_AGGRESSIVE;
				GCC_WARN_UNUSED_FUNCTION = YES;
				GCC_WARN_UNUSED_VARIABLE = YES;
				IPHONEOS_DEPLOYMENT_TARGET = 9.3;
				MTL_ENABLE_DEBUG_INFO = YES;
				ONLY_ACTIVE_ARCH = YES;
				SDKROOT = iphoneos;
				SWIFT_OPTIMIZATION_LEVEL = "-Onone";
				TARGETED_DEVICE_FAMILY = "1,2";
			};
			name = Debug;
		};
		2DC364B01D4B0941006514EE /* Release */ = {
			isa = XCBuildConfiguration;
			buildSettings = {
				ALWAYS_SEARCH_USER_PATHS = NO;
				CLANG_ANALYZER_NONNULL = YES;
				CLANG_CXX_LANGUAGE_STANDARD = "gnu++0x";
				CLANG_CXX_LIBRARY = "libc++";
				CLANG_ENABLE_MODULES = YES;
				CLANG_ENABLE_OBJC_ARC = YES;
				CLANG_WARN_BOOL_CONVERSION = YES;
				CLANG_WARN_CONSTANT_CONVERSION = YES;
				CLANG_WARN_DIRECT_OBJC_ISA_USAGE = YES_ERROR;
				CLANG_WARN_EMPTY_BODY = YES;
				CLANG_WARN_ENUM_CONVERSION = YES;
				CLANG_WARN_INT_CONVERSION = YES;
				CLANG_WARN_OBJC_ROOT_CLASS = YES_ERROR;
				CLANG_WARN_UNREACHABLE_CODE = YES;
				CLANG_WARN__DUPLICATE_METHOD_MATCH = YES;
				"CODE_SIGN_IDENTITY[sdk=iphoneos*]" = "iPhone Developer";
				COPY_PHASE_STRIP = NO;
				DEBUG_INFORMATION_FORMAT = "dwarf-with-dsym";
				ENABLE_NS_ASSERTIONS = NO;
				ENABLE_STRICT_OBJC_MSGSEND = YES;
				GCC_C_LANGUAGE_STANDARD = gnu99;
				GCC_NO_COMMON_BLOCKS = YES;
				GCC_WARN_64_TO_32_BIT_CONVERSION = YES;
				GCC_WARN_ABOUT_RETURN_TYPE = YES_ERROR;
				GCC_WARN_UNDECLARED_SELECTOR = YES;
				GCC_WARN_UNINITIALIZED_AUTOS = YES_AGGRESSIVE;
				GCC_WARN_UNUSED_FUNCTION = YES;
				GCC_WARN_UNUSED_VARIABLE = YES;
				IPHONEOS_DEPLOYMENT_TARGET = 9.3;
				MTL_ENABLE_DEBUG_INFO = NO;
				SDKROOT = iphoneos;
				TARGETED_DEVICE_FAMILY = "1,2";
				VALIDATE_PRODUCT = YES;
			};
			name = Release;
		};
		2DC364B21D4B0941006514EE /* Debug */ = {
			isa = XCBuildConfiguration;
			baseConfigurationReference = 70672F30AFA21B18568485EB /* Pods-FourSquare.debug.xcconfig */;
			buildSettings = {
				ASSETCATALOG_COMPILER_APPICON_NAME = AppIcon;
				CODE_SIGN_IDENTITY = "iPhone Developer";
				"CODE_SIGN_IDENTITY[sdk=iphoneos*]" = "iPhone Developer";
				INFOPLIST_FILE = FourSquare/Info/Info.plist;
				IPHONEOS_DEPLOYMENT_TARGET = 9.3;
				LD_RUNPATH_SEARCH_PATHS = "$(inherited) @executable_path/Frameworks";
				PRODUCT_BUNDLE_IDENTIFIER = asiantech.vn.dev.FourSquare;
				PRODUCT_NAME = "$(TARGET_NAME)";
				PROVISIONING_PROFILE = "";
				TARGETED_DEVICE_FAMILY = 1;
			};
			name = Debug;
		};
		2DC364B31D4B0941006514EE /* Release */ = {
			isa = XCBuildConfiguration;
			baseConfigurationReference = E37BF99A7CA69EE3CBDCC9C8 /* Pods-FourSquare.release.xcconfig */;
			buildSettings = {
				ASSETCATALOG_COMPILER_APPICON_NAME = AppIcon;
				CODE_SIGN_IDENTITY = "iPhone Developer";
				"CODE_SIGN_IDENTITY[sdk=iphoneos*]" = "iPhone Developer";
				INFOPLIST_FILE = FourSquare/Info/Info.plist;
				IPHONEOS_DEPLOYMENT_TARGET = 9.3;
				LD_RUNPATH_SEARCH_PATHS = "$(inherited) @executable_path/Frameworks";
				PRODUCT_BUNDLE_IDENTIFIER = asiantech.vn.dev.FourSquare;
				PRODUCT_NAME = "$(TARGET_NAME)";
				PROVISIONING_PROFILE = "";
				TARGETED_DEVICE_FAMILY = 1;
			};
			name = Release;
		};
		2DC364B51D4B0941006514EE /* Debug */ = {
			isa = XCBuildConfiguration;
			baseConfigurationReference = 512E27F3B2DC01B8A65CEB56 /* Pods-FourSquareTests.debug.xcconfig */;
			buildSettings = {
				BUNDLE_LOADER = "$(TEST_HOST)";
				INFOPLIST_FILE = FourSquareTests/Info.plist;
				LD_RUNPATH_SEARCH_PATHS = "$(inherited) @executable_path/Frameworks @loader_path/Frameworks";
				PRODUCT_BUNDLE_IDENTIFIER = asiantech.vn.dev.FourSquareTests;
				PRODUCT_NAME = "$(TARGET_NAME)";
				TEST_HOST = "$(BUILT_PRODUCTS_DIR)/FourSquare.app/FourSquare";
			};
			name = Debug;
		};
		2DC364B61D4B0941006514EE /* Release */ = {
			isa = XCBuildConfiguration;
			baseConfigurationReference = 90B930BF0939262C8CA47B5E /* Pods-FourSquareTests.release.xcconfig */;
			buildSettings = {
				BUNDLE_LOADER = "$(TEST_HOST)";
				INFOPLIST_FILE = FourSquareTests/Info.plist;
				LD_RUNPATH_SEARCH_PATHS = "$(inherited) @executable_path/Frameworks @loader_path/Frameworks";
				PRODUCT_BUNDLE_IDENTIFIER = asiantech.vn.dev.FourSquareTests;
				PRODUCT_NAME = "$(TARGET_NAME)";
				TEST_HOST = "$(BUILT_PRODUCTS_DIR)/FourSquare.app/FourSquare";
			};
			name = Release;
		};
		2DC364B81D4B0941006514EE /* Debug */ = {
			isa = XCBuildConfiguration;
			baseConfigurationReference = 6A5E22D726FE0F2D638DCFC1 /* Pods-FourSquareUITests.debug.xcconfig */;
			buildSettings = {
				INFOPLIST_FILE = FourSquareUITests/Info.plist;
				LD_RUNPATH_SEARCH_PATHS = "$(inherited) @executable_path/Frameworks @loader_path/Frameworks";
				PRODUCT_BUNDLE_IDENTIFIER = asiantech.vn.dev.FourSquareUITests;
				PRODUCT_NAME = "$(TARGET_NAME)";
				TEST_TARGET_NAME = FourSquare;
			};
			name = Debug;
		};
		2DC364B91D4B0941006514EE /* Release */ = {
			isa = XCBuildConfiguration;
			baseConfigurationReference = F273E0404268C54970D2CE4D /* Pods-FourSquareUITests.release.xcconfig */;
			buildSettings = {
				INFOPLIST_FILE = FourSquareUITests/Info.plist;
				LD_RUNPATH_SEARCH_PATHS = "$(inherited) @executable_path/Frameworks @loader_path/Frameworks";
				PRODUCT_BUNDLE_IDENTIFIER = asiantech.vn.dev.FourSquareUITests;
				PRODUCT_NAME = "$(TARGET_NAME)";
				TEST_TARGET_NAME = FourSquare;
			};
			name = Release;
		};
/* End XCBuildConfiguration section */

/* Begin XCConfigurationList section */
		2DC364841D4B0941006514EE /* Build configuration list for PBXProject "FourSquare" */ = {
			isa = XCConfigurationList;
			buildConfigurations = (
				2DC364AF1D4B0941006514EE /* Debug */,
				2DC364B01D4B0941006514EE /* Release */,
			);
			defaultConfigurationIsVisible = 0;
			defaultConfigurationName = Release;
		};
		2DC364B11D4B0941006514EE /* Build configuration list for PBXNativeTarget "FourSquare" */ = {
			isa = XCConfigurationList;
			buildConfigurations = (
				2DC364B21D4B0941006514EE /* Debug */,
				2DC364B31D4B0941006514EE /* Release */,
			);
			defaultConfigurationIsVisible = 0;
			defaultConfigurationName = Release;
		};
		2DC364B41D4B0941006514EE /* Build configuration list for PBXNativeTarget "FourSquareTests" */ = {
			isa = XCConfigurationList;
			buildConfigurations = (
				2DC364B51D4B0941006514EE /* Debug */,
				2DC364B61D4B0941006514EE /* Release */,
			);
			defaultConfigurationIsVisible = 0;
			defaultConfigurationName = Release;
		};
		2DC364B71D4B0941006514EE /* Build configuration list for PBXNativeTarget "FourSquareUITests" */ = {
			isa = XCConfigurationList;
			buildConfigurations = (
				2DC364B81D4B0941006514EE /* Debug */,
				2DC364B91D4B0941006514EE /* Release */,
			);
			defaultConfigurationIsVisible = 0;
			defaultConfigurationName = Release;
		};
/* End XCConfigurationList section */
	};
	rootObject = 2DC364811D4B0941006514EE /* Project object */;
}
